
Microsoft Visual Studio Solution File, Format Version 11.00
# Visual Studio 2010
Project("{2150E333-8FDC-42A3-9474-1A3956D46DE8}") = "Core", "Core", "{22E9E5B2-4657-4A2E-994E-3CD6B0579B8A}"
EndProject
Project("{2150E333-8FDC-42A3-9474-1A3956D46DE8}") = "Connectors", "Connectors", "{CEB1827C-CC61-403F-9489-5046ABC3059F}"
EndProject
Project("{2150E333-8FDC-42A3-9474-1A3956D46DE8}") = "Formatters", "Formatters", "{2050C862-9AB8-468A-9286-11FEACEDE654}"
EndProject
Project("{2150E333-8FDC-42A3-9474-1A3956D46DE8}") = "GPMR", "GPMR", "{A339F88D-41E6-4D8A-8C61-C9959BFF7BE3}"
EndProject
Project("{2150E333-8FDC-42A3-9474-1A3956D46DE8}") = "Installation Items", "Installation Items", "{9DAB2572-CC34-4BE4-B3B0-80673D976129}"
EndProject
Project("{2150E333-8FDC-42A3-9474-1A3956D46DE8}") = "Visual Studio Integration", "Visual Studio Integration", "{6FE17A85-5330-4A75-B040-CE2C80EB915C}"
EndProject
Project("{2150E333-8FDC-42A3-9474-1A3956D46DE8}") = "Solution Items", "Solution Items", "{A1554B1E-93B4-482E-9229-08B85354221A}"
	ProjectSection(SolutionItems) = preProject
		api.vsmdi = api.vsmdi
		GPMR readme.txt = GPMR readme.txt
		Solution Items\ICSharpCode.SharpZipLib.dll = Solution Items\ICSharpCode.SharpZipLib.dll
		LocalTestRun.testrunconfig = LocalTestRun.testrunconfig
		Solution Items\MohawkCollege.EHR.Util.SimpleXSD.dll = Solution Items\MohawkCollege.EHR.Util.SimpleXSD.dll
		gpmr\Readme-nightly.txt = gpmr\Readme-nightly.txt
	EndProjectSection
EndProject
Project("{2150E333-8FDC-42A3-9474-1A3956D46DE8}") = "Tests", "Tests", "{1441D5F3-69B0-494E-9AE8-F6D55C99FA79}"
EndProject
Project("{2150E333-8FDC-42A3-9474-1A3956D46DE8}") = "Help", "Help", "{F3EBBA64-7D2B-424C-A063-762DD3112DD6}"
EndProject
Project("{FAE04EC0-301F-11D3-BF4B-00C04F79EFBC}") = "MARC.Everest", "MARC.Everest\MARC.Everest.csproj", "{283B7891-BF96-4C00-BF6D-955EE68BBFBB}"
EndProject
Project("{FAE04EC0-301F-11D3-BF4B-00C04F79EFBC}") = "MARC.Everest.Connectors.File", "MARC.Everest.Connectors.File\MARC.Everest.Connectors.File.csproj", "{5300A5E5-408C-4F5A-B108-9E3E6BBDB9A8}"
EndProject
Project("{FAE04EC0-301F-11D3-BF4B-00C04F79EFBC}") = "MARC.Everest.Connectors.MSMQ", "MARC.Everest.Connectors.MSMQ\MARC.Everest.Connectors.MSMQ.csproj", "{610EEA86-9867-4F3D-A05E-71468F120842}"
EndProject
Project("{FAE04EC0-301F-11D3-BF4B-00C04F79EFBC}") = "MARC.Everest.Connectors.WCF", "MARC.Everest.Connectors.WCF\MARC.Everest.Connectors.WCF.csproj", "{5FA734C8-CA06-4B53-A864-9786EA079FEC}"
EndProject
Project("{FAE04EC0-301F-11D3-BF4B-00C04F79EFBC}") = "MARC.Everest.Formatters.XML.Datatypes.R1", "MARC.Everest.Formatters.XML.Datatypes.R1\MARC.Everest.Formatters.XML.Datatypes.R1.csproj", "{65AF0627-C230-4618-8435-415301686563}"
EndProject
Project("{FAE04EC0-301F-11D3-BF4B-00C04F79EFBC}") = "MARC.Everest.Formatters.XML.ITS1", "MARC.Everest.Formatters.XML.ITS1\MARC.Everest.Formatters.XML.ITS1.csproj", "{CC69A026-FB42-4C44-BDEB-8E956AC0E41A}"
EndProject
Project("{FAE04EC0-301F-11D3-BF4B-00C04F79EFBC}") = "MohawkCollege.EHR.HL7v3.MIF.MIF20", "gpmr\MohawkCollege.EHR.HL7v3.MIF.MIF20\MohawkCollege.EHR.HL7v3.MIF.MIF20.csproj", "{010ED4F3-6714-4B52-8561-85F31889B5F8}"
EndProject
Project("{FAE04EC0-301F-11D3-BF4B-00C04F79EFBC}") = "MohawkCollege.Util.Console.Parameters", "gpmr\MohawkCollege.Util.Console.Parameters\MohawkCollege.Util.Console.Parameters.csproj", "{40A8A100-FD15-46EE-B792-50726A9982DC}"
EndProject
Project("{FAE04EC0-301F-11D3-BF4B-00C04F79EFBC}") = "MohawkCollege.Util.Console.Writer", "gpmr\MohawkCollege.Util.Console.Writer\MohawkCollege.Util.Console.Writer.csproj", "{320E36D4-224E-4C8B-B04B-24E932E5F3D9}"
EndProject
Project("{FAE04EC0-301F-11D3-BF4B-00C04F79EFBC}") = "gpmr", "gpmr\gpmr.csproj", "{474F5244-97D6-42B1-8664-122876EB56BF}"
	ProjectSection(ProjectDependencies) = postProject
		{86C6F736-D65C-4022-921E-45F97948D46D} = {86C6F736-D65C-4022-921E-45F97948D46D}
	EndProjectSection
EndProject
Project("{FAE04EC0-301F-11D3-BF4B-00C04F79EFBC}") = "MohawkCollege.EHR.gpmr.COR", "gpmr\MohawkCollege.EHR.gpmr.COR\MohawkCollege.EHR.gpmr.COR.csproj", "{6C99D22F-AD3D-4532-9441-C0E616C87261}"
EndProject
Project("{FAE04EC0-301F-11D3-BF4B-00C04F79EFBC}") = "MohawkCollege.EHR.gpmr.Pipeline", "gpmr\MohawkCollege.EHR.gpmr.Pipeline\MohawkCollege.EHR.gpmr.Pipeline.csproj", "{3EABF240-372F-4805-BFBF-133E65B8EC71}"
EndProject
Project("{FAE04EC0-301F-11D3-BF4B-00C04F79EFBC}") = "MohawkCollege.EHR.gpmr.Pipeline.Compiler", "gpmr\MohawkCollege.EHR.gpmr.Pipeline.Compiler\MohawkCollege.EHR.gpmr.Pipeline.Compiler.csproj", "{62C136F4-941F-40C3-840A-9C9F2084385F}"
EndProject
Project("{FAE04EC0-301F-11D3-BF4B-00C04F79EFBC}") = "MohawkCollege.EHR.gpmr.Pipeline.Renderer.Deki", "gpmr\MohawkCollege.EHR.gpmr.Pipeline.Renderer.Deki\MohawkCollege.EHR.gpmr.Pipeline.Renderer.Deki.csproj", "{34291C69-DFE2-4DC7-85C8-53562A2967B9}"
EndProject
Project("{FAE04EC0-301F-11D3-BF4B-00C04F79EFBC}") = "MohawkCollege.EHR.gpmr.Pipeline.Renderer.RimbaCS", "gpmr\MohawkCollege.EHR.gpmr.Pipeline.Renderer.RimbaCS\MohawkCollege.EHR.gpmr.Pipeline.Renderer.RimbaCS.csproj", "{00D56FC7-864D-4209-A7EB-2697E9C2557A}"
EndProject
Project("{FAE04EC0-301F-11D3-BF4B-00C04F79EFBC}") = "MARC.Everest.Installer", "MARC.Everest.Installer\MARC.Everest.Installer.csproj", "{AA63705D-D668-4946-95FB-01CF1EBA910B}"
	ProjectSection(ProjectDependencies) = postProject
		{40A8A100-FD15-46EE-B792-50726A9982DC} = {40A8A100-FD15-46EE-B792-50726A9982DC}
		{8F476D12-8DC3-43EC-B9F0-31D74CA4F379} = {8F476D12-8DC3-43EC-B9F0-31D74CA4F379}
		{984A3026-CB71-4449-8AAB-8BE638EC1687} = {984A3026-CB71-4449-8AAB-8BE638EC1687}
		{CC69A026-FB42-4C44-BDEB-8E956AC0E41A} = {CC69A026-FB42-4C44-BDEB-8E956AC0E41A}
		{65AF0627-C230-4618-8435-415301686563} = {65AF0627-C230-4618-8435-415301686563}
		{786AA82A-BC99-49F7-8C45-287C78CA5A44} = {786AA82A-BC99-49F7-8C45-287C78CA5A44}
		{6C99D22F-AD3D-4532-9441-C0E616C87261} = {6C99D22F-AD3D-4532-9441-C0E616C87261}
		{86C6F736-D65C-4022-921E-45F97948D46D} = {86C6F736-D65C-4022-921E-45F97948D46D}
		{3EABF240-372F-4805-BFBF-133E65B8EC71} = {3EABF240-372F-4805-BFBF-133E65B8EC71}
		{474F5244-97D6-42B1-8664-122876EB56BF} = {474F5244-97D6-42B1-8664-122876EB56BF}
		{34291C69-DFE2-4DC7-85C8-53562A2967B9} = {34291C69-DFE2-4DC7-85C8-53562A2967B9}
		{610EEA86-9867-4F3D-A05E-71468F120842} = {610EEA86-9867-4F3D-A05E-71468F120842}
		{283B7891-BF96-4C00-BF6D-955EE68BBFBB} = {283B7891-BF96-4C00-BF6D-955EE68BBFBB}
		{128A7BA8-3779-4AF2-8647-53013CBCD981} = {128A7BA8-3779-4AF2-8647-53013CBCD981}
		{00D56FC7-864D-4209-A7EB-2697E9C2557A} = {00D56FC7-864D-4209-A7EB-2697E9C2557A}
		{5FA734C8-CA06-4B53-A864-9786EA079FEC} = {5FA734C8-CA06-4B53-A864-9786EA079FEC}
		{A36444C8-6A75-4F38-967E-17B8218775AA} = {A36444C8-6A75-4F38-967E-17B8218775AA}
		{341AB5C9-6084-4096-9B2E-AA3E5ADE7941} = {341AB5C9-6084-4096-9B2E-AA3E5ADE7941}
		{320E36D4-224E-4C8B-B04B-24E932E5F3D9} = {320E36D4-224E-4C8B-B04B-24E932E5F3D9}
		{5300A5E5-408C-4F5A-B108-9E3E6BBDB9A8} = {5300A5E5-408C-4F5A-B108-9E3E6BBDB9A8}
		{010ED4F3-6714-4B52-8561-85F31889B5F8} = {010ED4F3-6714-4B52-8561-85F31889B5F8}
		{62C136F4-941F-40C3-840A-9C9F2084385F} = {62C136F4-941F-40C3-840A-9C9F2084385F}
	EndProjectSection
EndProject
Project("{FAE04EC0-301F-11D3-BF4B-00C04F79EFBC}") = "MARC.Everest.Test", "MARC.Everest.Test\MARC.Everest.Test.csproj", "{3B1AFBA6-B615-41F1-873B-FAE626C7FE00}"
EndProject
Project("{FAE04EC0-301F-11D3-BF4B-00C04F79EFBC}") = "MohawkCollege.EHR.gpmr.Pipeline.Renderer.XML.ITS", "gpmr\MohawkCollege.EHR.gpmr.Pipeline.Renderer.XML.ITS\MohawkCollege.EHR.gpmr.Pipeline.Renderer.XML.ITS.csproj", "{86C6F736-D65C-4022-921E-45F97948D46D}"
EndProject
Project("{FAE04EC0-301F-11D3-BF4B-00C04F79EFBC}") = "MohawkCollege.EHR.gpmr.Pipeline.Triggers.CorCollapser", "gpmr\MohawkCollege.EHR.gpmr.Pipeline.Triggers.CorCollapser\MohawkCollege.EHR.gpmr.Pipeline.Triggers.CorCollapser.csproj", "{786AA82A-BC99-49F7-8C45-287C78CA5A44}"
EndProject
Project("{FAE04EC0-301F-11D3-BF4B-00C04F79EFBC}") = "MARC.Everest.VisualStudio.Wizards", "MARC.Everest.VisualStudio.Wizards\MARC.Everest.VisualStudio.Wizards.csproj", "{8F476D12-8DC3-43EC-B9F0-31D74CA4F379}"
EndProject
Project("{FAE04EC0-301F-11D3-BF4B-00C04F79EFBC}") = "MARC.Everest.Test.Generator", "MARC.Everest.Test.Generator\MARC.Everest.Test.Generator.csproj", "{3D10F674-67B3-40FD-82CF-853AF6567AF7}"
EndProject
Project("{FAE04EC0-301F-11D3-BF4B-00C04F79EFBC}") = "MARC.Everest.Formatters.XML.Datatypes.R2", "MARC.Everest.Formatters.XML.Datatypes.R2\MARC.Everest.Formatters.XML.Datatypes.R2.csproj", "{128A7BA8-3779-4AF2-8647-53013CBCD981}"
EndProject
Project("{FAE04EC0-301F-11D3-BF4B-00C04F79EFBC}") = "MohawkCollege.EHR.gpmr.Pipeline.Renderer.Java", "gpmr\MohawkCollege.EHR.gpmr.Pipeline.Renderer.Java\MohawkCollege.EHR.gpmr.Pipeline.Renderer.Java.csproj", "{984A3026-CB71-4449-8AAB-8BE638EC1687}"
EndProject
Project("{FAE04EC0-301F-11D3-BF4B-00C04F79EFBC}") = "MohawkCollege.EHR.gpmr.Pipeline.Triggers.CorDelta", "MohawkCollege.EHR.gpmr.Pipeline.Triggers.CorDelta\MohawkCollege.EHR.gpmr.Pipeline.Triggers.CorDelta.csproj", "{A36444C8-6A75-4F38-967E-17B8218775AA}"
EndProject
Project("{FAE04EC0-301F-11D3-BF4B-00C04F79EFBC}") = "gpmrw", "gpmr\gpmrw\gpmrw.csproj", "{341AB5C9-6084-4096-9B2E-AA3E5ADE7941}"
EndProject
Project("{2150E333-8FDC-42A3-9474-1A3956D46DE8}") = "Sherpas", "Sherpas", "{7BF9A71D-3926-4FA1-A5B1-E6647171216A}"
EndProject
Project("{FAE04EC0-301F-11D3-BF4B-00C04F79EFBC}") = "MARC.Everest.Sherpas", "MARC.Everest.Sherpas\MARC.Everest.Sherpas.csproj", "{FC75C77E-4596-4603-8BEB-DFC428C24BAB}"
EndProject
Project("{FAE04EC0-301F-11D3-BF4B-00C04F79EFBC}") = "MARC.Everest.Sherpas.Templating", "MARC.Everest.Sherpas.Templating\MARC.Everest.Sherpas.Templating.csproj", "{A5CFFCCC-8EFB-44BA-9603-18C9AAC631F0}"
EndProject
Global
	GlobalSection(TestCaseManagementSettings) = postSolution
		CategoryFile = api.vsmdi
	EndGlobalSection
	GlobalSection(SolutionConfigurationPlatforms) = preSolution
		Debug|Any CPU = Debug|Any CPU
		Release|Any CPU = Release|Any CPU
		TFS Build - Check-in|Any CPU = TFS Build - Check-in|Any CPU
		TFS Build - Nightly|Any CPU = TFS Build - Nightly|Any CPU
	EndGlobalSection
	GlobalSection(ProjectConfigurationPlatforms) = postSolution
		{283B7891-BF96-4C00-BF6D-955EE68BBFBB}.Debug|Any CPU.ActiveCfg = Debug|Any CPU
		{283B7891-BF96-4C00-BF6D-955EE68BBFBB}.Debug|Any CPU.Build.0 = Debug|Any CPU
		{283B7891-BF96-4C00-BF6D-955EE68BBFBB}.Release|Any CPU.ActiveCfg = Release|Any CPU
		{283B7891-BF96-4C00-BF6D-955EE68BBFBB}.Release|Any CPU.Build.0 = Release|Any CPU
		{283B7891-BF96-4C00-BF6D-955EE68BBFBB}.TFS Build - Check-in|Any CPU.ActiveCfg = TFS Build - Check-in|Any CPU
		{283B7891-BF96-4C00-BF6D-955EE68BBFBB}.TFS Build - Check-in|Any CPU.Build.0 = TFS Build - Check-in|Any CPU
		{283B7891-BF96-4C00-BF6D-955EE68BBFBB}.TFS Build - Nightly|Any CPU.ActiveCfg = TFS Build - Nightly|Any CPU
		{283B7891-BF96-4C00-BF6D-955EE68BBFBB}.TFS Build - Nightly|Any CPU.Build.0 = TFS Build - Nightly|Any CPU
		{5300A5E5-408C-4F5A-B108-9E3E6BBDB9A8}.Debug|Any CPU.ActiveCfg = Debug|Any CPU
		{5300A5E5-408C-4F5A-B108-9E3E6BBDB9A8}.Debug|Any CPU.Build.0 = Debug|Any CPU
		{5300A5E5-408C-4F5A-B108-9E3E6BBDB9A8}.Release|Any CPU.ActiveCfg = Release|Any CPU
		{5300A5E5-408C-4F5A-B108-9E3E6BBDB9A8}.Release|Any CPU.Build.0 = Release|Any CPU
		{5300A5E5-408C-4F5A-B108-9E3E6BBDB9A8}.TFS Build - Check-in|Any CPU.ActiveCfg = TFS Build - Check-in|Any CPU
		{5300A5E5-408C-4F5A-B108-9E3E6BBDB9A8}.TFS Build - Check-in|Any CPU.Build.0 = TFS Build - Check-in|Any CPU
		{5300A5E5-408C-4F5A-B108-9E3E6BBDB9A8}.TFS Build - Nightly|Any CPU.ActiveCfg = TFS Build - Nightly|Any CPU
		{5300A5E5-408C-4F5A-B108-9E3E6BBDB9A8}.TFS Build - Nightly|Any CPU.Build.0 = TFS Build - Nightly|Any CPU
		{610EEA86-9867-4F3D-A05E-71468F120842}.Debug|Any CPU.ActiveCfg = Debug|Any CPU
		{610EEA86-9867-4F3D-A05E-71468F120842}.Debug|Any CPU.Build.0 = Debug|Any CPU
		{610EEA86-9867-4F3D-A05E-71468F120842}.Release|Any CPU.ActiveCfg = Release|Any CPU
		{610EEA86-9867-4F3D-A05E-71468F120842}.Release|Any CPU.Build.0 = Release|Any CPU
		{610EEA86-9867-4F3D-A05E-71468F120842}.TFS Build - Check-in|Any CPU.ActiveCfg = Release|Any CPU
		{610EEA86-9867-4F3D-A05E-71468F120842}.TFS Build - Check-in|Any CPU.Build.0 = Release|Any CPU
		{610EEA86-9867-4F3D-A05E-71468F120842}.TFS Build - Nightly|Any CPU.ActiveCfg = Release|Any CPU
		{610EEA86-9867-4F3D-A05E-71468F120842}.TFS Build - Nightly|Any CPU.Build.0 = Release|Any CPU
		{5FA734C8-CA06-4B53-A864-9786EA079FEC}.Debug|Any CPU.ActiveCfg = Debug|Any CPU
		{5FA734C8-CA06-4B53-A864-9786EA079FEC}.Debug|Any CPU.Build.0 = Debug|Any CPU
		{5FA734C8-CA06-4B53-A864-9786EA079FEC}.Release|Any CPU.ActiveCfg = Release|Any CPU
		{5FA734C8-CA06-4B53-A864-9786EA079FEC}.Release|Any CPU.Build.0 = Release|Any CPU
		{5FA734C8-CA06-4B53-A864-9786EA079FEC}.TFS Build - Check-in|Any CPU.ActiveCfg = TFS Build - Check-in|Any CPU
		{5FA734C8-CA06-4B53-A864-9786EA079FEC}.TFS Build - Check-in|Any CPU.Build.0 = TFS Build - Check-in|Any CPU
		{5FA734C8-CA06-4B53-A864-9786EA079FEC}.TFS Build - Nightly|Any CPU.ActiveCfg = TFS Build - Nightly|Any CPU
		{5FA734C8-CA06-4B53-A864-9786EA079FEC}.TFS Build - Nightly|Any CPU.Build.0 = TFS Build - Nightly|Any CPU
		{65AF0627-C230-4618-8435-415301686563}.Debug|Any CPU.ActiveCfg = Debug|Any CPU
		{65AF0627-C230-4618-8435-415301686563}.Debug|Any CPU.Build.0 = Debug|Any CPU
		{65AF0627-C230-4618-8435-415301686563}.Release|Any CPU.ActiveCfg = Release|Any CPU
		{65AF0627-C230-4618-8435-415301686563}.Release|Any CPU.Build.0 = Release|Any CPU
		{65AF0627-C230-4618-8435-415301686563}.TFS Build - Check-in|Any CPU.ActiveCfg = TFS Build - Check-in|Any CPU
		{65AF0627-C230-4618-8435-415301686563}.TFS Build - Check-in|Any CPU.Build.0 = TFS Build - Check-in|Any CPU
		{65AF0627-C230-4618-8435-415301686563}.TFS Build - Nightly|Any CPU.ActiveCfg = TFS Build - Nightly|Any CPU
		{65AF0627-C230-4618-8435-415301686563}.TFS Build - Nightly|Any CPU.Build.0 = TFS Build - Nightly|Any CPU
		{CC69A026-FB42-4C44-BDEB-8E956AC0E41A}.Debug|Any CPU.ActiveCfg = Debug|Any CPU
		{CC69A026-FB42-4C44-BDEB-8E956AC0E41A}.Debug|Any CPU.Build.0 = Debug|Any CPU
		{CC69A026-FB42-4C44-BDEB-8E956AC0E41A}.Release|Any CPU.ActiveCfg = Release|Any CPU
		{CC69A026-FB42-4C44-BDEB-8E956AC0E41A}.Release|Any CPU.Build.0 = Release|Any CPU
		{CC69A026-FB42-4C44-BDEB-8E956AC0E41A}.TFS Build - Check-in|Any CPU.ActiveCfg = TFS Build - Check-in|Any CPU
		{CC69A026-FB42-4C44-BDEB-8E956AC0E41A}.TFS Build - Check-in|Any CPU.Build.0 = TFS Build - Check-in|Any CPU
		{CC69A026-FB42-4C44-BDEB-8E956AC0E41A}.TFS Build - Nightly|Any CPU.ActiveCfg = TFS Build - Nightly|Any CPU
		{CC69A026-FB42-4C44-BDEB-8E956AC0E41A}.TFS Build - Nightly|Any CPU.Build.0 = TFS Build - Nightly|Any CPU
		{010ED4F3-6714-4B52-8561-85F31889B5F8}.Debug|Any CPU.ActiveCfg = Debug|Any CPU
		{010ED4F3-6714-4B52-8561-85F31889B5F8}.Debug|Any CPU.Build.0 = Debug|Any CPU
		{010ED4F3-6714-4B52-8561-85F31889B5F8}.Release|Any CPU.ActiveCfg = Release|Any CPU
		{010ED4F3-6714-4B52-8561-85F31889B5F8}.Release|Any CPU.Build.0 = Release|Any CPU
		{010ED4F3-6714-4B52-8561-85F31889B5F8}.TFS Build - Check-in|Any CPU.ActiveCfg = TFS Build - Check-in|Any CPU
		{010ED4F3-6714-4B52-8561-85F31889B5F8}.TFS Build - Check-in|Any CPU.Build.0 = TFS Build - Check-in|Any CPU
		{010ED4F3-6714-4B52-8561-85F31889B5F8}.TFS Build - Nightly|Any CPU.ActiveCfg = TFS Build - Nightly|Any CPU
		{010ED4F3-6714-4B52-8561-85F31889B5F8}.TFS Build - Nightly|Any CPU.Build.0 = TFS Build - Nightly|Any CPU
		{40A8A100-FD15-46EE-B792-50726A9982DC}.Debug|Any CPU.ActiveCfg = Debug|Any CPU
		{40A8A100-FD15-46EE-B792-50726A9982DC}.Debug|Any CPU.Build.0 = Debug|Any CPU
		{40A8A100-FD15-46EE-B792-50726A9982DC}.Release|Any CPU.ActiveCfg = Release|Any CPU
		{40A8A100-FD15-46EE-B792-50726A9982DC}.Release|Any CPU.Build.0 = Release|Any CPU
		{40A8A100-FD15-46EE-B792-50726A9982DC}.TFS Build - Check-in|Any CPU.ActiveCfg = TFS Build - Check-in|Any CPU
		{40A8A100-FD15-46EE-B792-50726A9982DC}.TFS Build - Check-in|Any CPU.Build.0 = TFS Build - Check-in|Any CPU
		{40A8A100-FD15-46EE-B792-50726A9982DC}.TFS Build - Nightly|Any CPU.ActiveCfg = TFS Build - Nightly|Any CPU
		{40A8A100-FD15-46EE-B792-50726A9982DC}.TFS Build - Nightly|Any CPU.Build.0 = TFS Build - Nightly|Any CPU
		{320E36D4-224E-4C8B-B04B-24E932E5F3D9}.Debug|Any CPU.ActiveCfg = Debug|Any CPU
		{320E36D4-224E-4C8B-B04B-24E932E5F3D9}.Debug|Any CPU.Build.0 = Debug|Any CPU
		{320E36D4-224E-4C8B-B04B-24E932E5F3D9}.Release|Any CPU.ActiveCfg = Release|Any CPU
		{320E36D4-224E-4C8B-B04B-24E932E5F3D9}.Release|Any CPU.Build.0 = Release|Any CPU
		{320E36D4-224E-4C8B-B04B-24E932E5F3D9}.TFS Build - Check-in|Any CPU.ActiveCfg = TFS Build - Check-in|Any CPU
		{320E36D4-224E-4C8B-B04B-24E932E5F3D9}.TFS Build - Check-in|Any CPU.Build.0 = TFS Build - Check-in|Any CPU
		{320E36D4-224E-4C8B-B04B-24E932E5F3D9}.TFS Build - Nightly|Any CPU.ActiveCfg = TFS Build - Nightly|Any CPU
		{320E36D4-224E-4C8B-B04B-24E932E5F3D9}.TFS Build - Nightly|Any CPU.Build.0 = TFS Build - Nightly|Any CPU
		{474F5244-97D6-42B1-8664-122876EB56BF}.Debug|Any CPU.ActiveCfg = Debug|Any CPU
		{474F5244-97D6-42B1-8664-122876EB56BF}.Debug|Any CPU.Build.0 = Debug|Any CPU
		{474F5244-97D6-42B1-8664-122876EB56BF}.Release|Any CPU.ActiveCfg = Release|Any CPU
		{474F5244-97D6-42B1-8664-122876EB56BF}.Release|Any CPU.Build.0 = Release|Any CPU
		{474F5244-97D6-42B1-8664-122876EB56BF}.TFS Build - Check-in|Any CPU.ActiveCfg = TFS Build - Check-in|Any CPU
		{474F5244-97D6-42B1-8664-122876EB56BF}.TFS Build - Check-in|Any CPU.Build.0 = TFS Build - Check-in|Any CPU
		{474F5244-97D6-42B1-8664-122876EB56BF}.TFS Build - Nightly|Any CPU.ActiveCfg = TFS Build - Nightly|Any CPU
		{474F5244-97D6-42B1-8664-122876EB56BF}.TFS Build - Nightly|Any CPU.Build.0 = TFS Build - Nightly|Any CPU
		{6C99D22F-AD3D-4532-9441-C0E616C87261}.Debug|Any CPU.ActiveCfg = Debug|Any CPU
		{6C99D22F-AD3D-4532-9441-C0E616C87261}.Debug|Any CPU.Build.0 = Debug|Any CPU
		{6C99D22F-AD3D-4532-9441-C0E616C87261}.Release|Any CPU.ActiveCfg = Release|Any CPU
		{6C99D22F-AD3D-4532-9441-C0E616C87261}.Release|Any CPU.Build.0 = Release|Any CPU
		{6C99D22F-AD3D-4532-9441-C0E616C87261}.TFS Build - Check-in|Any CPU.ActiveCfg = TFS Build - Check-in|Any CPU
		{6C99D22F-AD3D-4532-9441-C0E616C87261}.TFS Build - Check-in|Any CPU.Build.0 = TFS Build - Check-in|Any CPU
		{6C99D22F-AD3D-4532-9441-C0E616C87261}.TFS Build - Nightly|Any CPU.ActiveCfg = TFS Build - Nightly|Any CPU
		{6C99D22F-AD3D-4532-9441-C0E616C87261}.TFS Build - Nightly|Any CPU.Build.0 = TFS Build - Nightly|Any CPU
		{3EABF240-372F-4805-BFBF-133E65B8EC71}.Debug|Any CPU.ActiveCfg = Debug|Any CPU
		{3EABF240-372F-4805-BFBF-133E65B8EC71}.Debug|Any CPU.Build.0 = Debug|Any CPU
		{3EABF240-372F-4805-BFBF-133E65B8EC71}.Release|Any CPU.ActiveCfg = Release|Any CPU
		{3EABF240-372F-4805-BFBF-133E65B8EC71}.Release|Any CPU.Build.0 = Release|Any CPU
		{3EABF240-372F-4805-BFBF-133E65B8EC71}.TFS Build - Check-in|Any CPU.ActiveCfg = TFS Build - Check-in|Any CPU
		{3EABF240-372F-4805-BFBF-133E65B8EC71}.TFS Build - Check-in|Any CPU.Build.0 = TFS Build - Check-in|Any CPU
		{3EABF240-372F-4805-BFBF-133E65B8EC71}.TFS Build - Nightly|Any CPU.ActiveCfg = TFS Build - Nightly|Any CPU
		{3EABF240-372F-4805-BFBF-133E65B8EC71}.TFS Build - Nightly|Any CPU.Build.0 = TFS Build - Nightly|Any CPU
		{62C136F4-941F-40C3-840A-9C9F2084385F}.Debug|Any CPU.ActiveCfg = Debug|Any CPU
		{62C136F4-941F-40C3-840A-9C9F2084385F}.Debug|Any CPU.Build.0 = Debug|Any CPU
		{62C136F4-941F-40C3-840A-9C9F2084385F}.Release|Any CPU.ActiveCfg = Release|Any CPU
		{62C136F4-941F-40C3-840A-9C9F2084385F}.Release|Any CPU.Build.0 = Release|Any CPU
		{62C136F4-941F-40C3-840A-9C9F2084385F}.TFS Build - Check-in|Any CPU.ActiveCfg = TFS Build - Check-in|Any CPU
		{62C136F4-941F-40C3-840A-9C9F2084385F}.TFS Build - Check-in|Any CPU.Build.0 = TFS Build - Check-in|Any CPU
		{62C136F4-941F-40C3-840A-9C9F2084385F}.TFS Build - Nightly|Any CPU.ActiveCfg = TFS Build - Nightly|Any CPU
		{62C136F4-941F-40C3-840A-9C9F2084385F}.TFS Build - Nightly|Any CPU.Build.0 = TFS Build - Nightly|Any CPU
		{34291C69-DFE2-4DC7-85C8-53562A2967B9}.Debug|Any CPU.ActiveCfg = Debug|Any CPU
		{34291C69-DFE2-4DC7-85C8-53562A2967B9}.Debug|Any CPU.Build.0 = Debug|Any CPU
		{34291C69-DFE2-4DC7-85C8-53562A2967B9}.Release|Any CPU.ActiveCfg = Release|Any CPU
		{34291C69-DFE2-4DC7-85C8-53562A2967B9}.Release|Any CPU.Build.0 = Release|Any CPU
		{34291C69-DFE2-4DC7-85C8-53562A2967B9}.TFS Build - Check-in|Any CPU.ActiveCfg = TFS Build - Check-in|Any CPU
		{34291C69-DFE2-4DC7-85C8-53562A2967B9}.TFS Build - Check-in|Any CPU.Build.0 = TFS Build - Check-in|Any CPU
		{34291C69-DFE2-4DC7-85C8-53562A2967B9}.TFS Build - Nightly|Any CPU.ActiveCfg = TFS Build - Nightly|Any CPU
		{34291C69-DFE2-4DC7-85C8-53562A2967B9}.TFS Build - Nightly|Any CPU.Build.0 = TFS Build - Nightly|Any CPU
		{00D56FC7-864D-4209-A7EB-2697E9C2557A}.Debug|Any CPU.ActiveCfg = Debug|Any CPU
		{00D56FC7-864D-4209-A7EB-2697E9C2557A}.Debug|Any CPU.Build.0 = Debug|Any CPU
		{00D56FC7-864D-4209-A7EB-2697E9C2557A}.Release|Any CPU.ActiveCfg = Release|Any CPU
		{00D56FC7-864D-4209-A7EB-2697E9C2557A}.Release|Any CPU.Build.0 = Release|Any CPU
		{00D56FC7-864D-4209-A7EB-2697E9C2557A}.TFS Build - Check-in|Any CPU.ActiveCfg = TFS Build - Check-in|Any CPU
		{00D56FC7-864D-4209-A7EB-2697E9C2557A}.TFS Build - Check-in|Any CPU.Build.0 = TFS Build - Check-in|Any CPU
		{00D56FC7-864D-4209-A7EB-2697E9C2557A}.TFS Build - Nightly|Any CPU.ActiveCfg = TFS Build - Nightly|Any CPU
		{00D56FC7-864D-4209-A7EB-2697E9C2557A}.TFS Build - Nightly|Any CPU.Build.0 = TFS Build - Nightly|Any CPU
		{AA63705D-D668-4946-95FB-01CF1EBA910B}.Debug|Any CPU.ActiveCfg = Debug|Any CPU
		{AA63705D-D668-4946-95FB-01CF1EBA910B}.Debug|Any CPU.Build.0 = Debug|Any CPU
		{AA63705D-D668-4946-95FB-01CF1EBA910B}.Release|Any CPU.ActiveCfg = Release|Any CPU
		{AA63705D-D668-4946-95FB-01CF1EBA910B}.Release|Any CPU.Build.0 = Release|Any CPU
		{AA63705D-D668-4946-95FB-01CF1EBA910B}.TFS Build - Check-in|Any CPU.ActiveCfg = TFS Build - Check-in|Any CPU
		{AA63705D-D668-4946-95FB-01CF1EBA910B}.TFS Build - Nightly|Any CPU.ActiveCfg = TFS Build - Nightly|Any CPU
		{AA63705D-D668-4946-95FB-01CF1EBA910B}.TFS Build - Nightly|Any CPU.Build.0 = TFS Build - Nightly|Any CPU
		{3B1AFBA6-B615-41F1-873B-FAE626C7FE00}.Debug|Any CPU.ActiveCfg = Debug|Any CPU
		{3B1AFBA6-B615-41F1-873B-FAE626C7FE00}.Debug|Any CPU.Build.0 = Debug|Any CPU
		{3B1AFBA6-B615-41F1-873B-FAE626C7FE00}.Release|Any CPU.ActiveCfg = Release|Any CPU
		{3B1AFBA6-B615-41F1-873B-FAE626C7FE00}.Release|Any CPU.Build.0 = Release|Any CPU
		{3B1AFBA6-B615-41F1-873B-FAE626C7FE00}.TFS Build - Check-in|Any CPU.ActiveCfg = Release|Any CPU
		{3B1AFBA6-B615-41F1-873B-FAE626C7FE00}.TFS Build - Check-in|Any CPU.Build.0 = Release|Any CPU
		{3B1AFBA6-B615-41F1-873B-FAE626C7FE00}.TFS Build - Nightly|Any CPU.ActiveCfg = Release|Any CPU
		{3B1AFBA6-B615-41F1-873B-FAE626C7FE00}.TFS Build - Nightly|Any CPU.Build.0 = Release|Any CPU
		{86C6F736-D65C-4022-921E-45F97948D46D}.Debug|Any CPU.ActiveCfg = Debug|Any CPU
		{86C6F736-D65C-4022-921E-45F97948D46D}.Debug|Any CPU.Build.0 = Debug|Any CPU
		{86C6F736-D65C-4022-921E-45F97948D46D}.Release|Any CPU.ActiveCfg = Release|Any CPU
		{86C6F736-D65C-4022-921E-45F97948D46D}.Release|Any CPU.Build.0 = Release|Any CPU
		{86C6F736-D65C-4022-921E-45F97948D46D}.TFS Build - Check-in|Any CPU.ActiveCfg = Release|Any CPU
		{86C6F736-D65C-4022-921E-45F97948D46D}.TFS Build - Check-in|Any CPU.Build.0 = Release|Any CPU
		{86C6F736-D65C-4022-921E-45F97948D46D}.TFS Build - Nightly|Any CPU.ActiveCfg = Release|Any CPU
		{86C6F736-D65C-4022-921E-45F97948D46D}.TFS Build - Nightly|Any CPU.Build.0 = Release|Any CPU
		{786AA82A-BC99-49F7-8C45-287C78CA5A44}.Debug|Any CPU.ActiveCfg = Debug|Any CPU
		{786AA82A-BC99-49F7-8C45-287C78CA5A44}.Debug|Any CPU.Build.0 = Debug|Any CPU
		{786AA82A-BC99-49F7-8C45-287C78CA5A44}.Release|Any CPU.ActiveCfg = Release|Any CPU
		{786AA82A-BC99-49F7-8C45-287C78CA5A44}.Release|Any CPU.Build.0 = Release|Any CPU
		{786AA82A-BC99-49F7-8C45-287C78CA5A44}.TFS Build - Check-in|Any CPU.ActiveCfg = Release|Any CPU
		{786AA82A-BC99-49F7-8C45-287C78CA5A44}.TFS Build - Check-in|Any CPU.Build.0 = Release|Any CPU
		{786AA82A-BC99-49F7-8C45-287C78CA5A44}.TFS Build - Nightly|Any CPU.ActiveCfg = Release|Any CPU
		{786AA82A-BC99-49F7-8C45-287C78CA5A44}.TFS Build - Nightly|Any CPU.Build.0 = Release|Any CPU
		{8F476D12-8DC3-43EC-B9F0-31D74CA4F379}.Debug|Any CPU.ActiveCfg = Debug|Any CPU
		{8F476D12-8DC3-43EC-B9F0-31D74CA4F379}.Debug|Any CPU.Build.0 = Debug|Any CPU
		{8F476D12-8DC3-43EC-B9F0-31D74CA4F379}.Release|Any CPU.ActiveCfg = Release|Any CPU
		{8F476D12-8DC3-43EC-B9F0-31D74CA4F379}.Release|Any CPU.Build.0 = Release|Any CPU
		{8F476D12-8DC3-43EC-B9F0-31D74CA4F379}.TFS Build - Check-in|Any CPU.ActiveCfg = Release|Any CPU
		{8F476D12-8DC3-43EC-B9F0-31D74CA4F379}.TFS Build - Check-in|Any CPU.Build.0 = Release|Any CPU
		{8F476D12-8DC3-43EC-B9F0-31D74CA4F379}.TFS Build - Nightly|Any CPU.ActiveCfg = Release|Any CPU
		{8F476D12-8DC3-43EC-B9F0-31D74CA4F379}.TFS Build - Nightly|Any CPU.Build.0 = Release|Any CPU
		{3D10F674-67B3-40FD-82CF-853AF6567AF7}.Debug|Any CPU.ActiveCfg = Debug|Any CPU
		{3D10F674-67B3-40FD-82CF-853AF6567AF7}.Debug|Any CPU.Build.0 = Debug|Any CPU
		{3D10F674-67B3-40FD-82CF-853AF6567AF7}.Release|Any CPU.ActiveCfg = Release|Any CPU
		{3D10F674-67B3-40FD-82CF-853AF6567AF7}.Release|Any CPU.Build.0 = Release|Any CPU
		{3D10F674-67B3-40FD-82CF-853AF6567AF7}.TFS Build - Check-in|Any CPU.ActiveCfg = Release|Any CPU
		{3D10F674-67B3-40FD-82CF-853AF6567AF7}.TFS Build - Check-in|Any CPU.Build.0 = Release|Any CPU
		{3D10F674-67B3-40FD-82CF-853AF6567AF7}.TFS Build - Nightly|Any CPU.ActiveCfg = Release|Any CPU
		{3D10F674-67B3-40FD-82CF-853AF6567AF7}.TFS Build - Nightly|Any CPU.Build.0 = Release|Any CPU
		{128A7BA8-3779-4AF2-8647-53013CBCD981}.Debug|Any CPU.ActiveCfg = Debug|Any CPU
		{128A7BA8-3779-4AF2-8647-53013CBCD981}.Debug|Any CPU.Build.0 = Debug|Any CPU
		{128A7BA8-3779-4AF2-8647-53013CBCD981}.Release|Any CPU.ActiveCfg = Release|Any CPU
		{128A7BA8-3779-4AF2-8647-53013CBCD981}.Release|Any CPU.Build.0 = Release|Any CPU
		{128A7BA8-3779-4AF2-8647-53013CBCD981}.TFS Build - Check-in|Any CPU.ActiveCfg = Release|Any CPU
		{128A7BA8-3779-4AF2-8647-53013CBCD981}.TFS Build - Check-in|Any CPU.Build.0 = Release|Any CPU
		{128A7BA8-3779-4AF2-8647-53013CBCD981}.TFS Build - Nightly|Any CPU.ActiveCfg = Release|Any CPU
		{128A7BA8-3779-4AF2-8647-53013CBCD981}.TFS Build - Nightly|Any CPU.Build.0 = Release|Any CPU
		{984A3026-CB71-4449-8AAB-8BE638EC1687}.Debug|Any CPU.ActiveCfg = Debug|Any CPU
		{984A3026-CB71-4449-8AAB-8BE638EC1687}.Debug|Any CPU.Build.0 = Debug|Any CPU
		{984A3026-CB71-4449-8AAB-8BE638EC1687}.Release|Any CPU.ActiveCfg = Release|Any CPU
		{984A3026-CB71-4449-8AAB-8BE638EC1687}.Release|Any CPU.Build.0 = Release|Any CPU
		{984A3026-CB71-4449-8AAB-8BE638EC1687}.TFS Build - Check-in|Any CPU.ActiveCfg = Release|Any CPU
		{984A3026-CB71-4449-8AAB-8BE638EC1687}.TFS Build - Check-in|Any CPU.Build.0 = Release|Any CPU
		{984A3026-CB71-4449-8AAB-8BE638EC1687}.TFS Build - Nightly|Any CPU.ActiveCfg = Release|Any CPU
		{984A3026-CB71-4449-8AAB-8BE638EC1687}.TFS Build - Nightly|Any CPU.Build.0 = Release|Any CPU
		{A36444C8-6A75-4F38-967E-17B8218775AA}.Debug|Any CPU.ActiveCfg = Debug|Any CPU
		{A36444C8-6A75-4F38-967E-17B8218775AA}.Debug|Any CPU.Build.0 = Debug|Any CPU
		{A36444C8-6A75-4F38-967E-17B8218775AA}.Release|Any CPU.ActiveCfg = Release|Any CPU
		{A36444C8-6A75-4F38-967E-17B8218775AA}.Release|Any CPU.Build.0 = Release|Any CPU
		{A36444C8-6A75-4F38-967E-17B8218775AA}.TFS Build - Check-in|Any CPU.ActiveCfg = Release|Any CPU
		{A36444C8-6A75-4F38-967E-17B8218775AA}.TFS Build - Check-in|Any CPU.Build.0 = Release|Any CPU
		{A36444C8-6A75-4F38-967E-17B8218775AA}.TFS Build - Nightly|Any CPU.ActiveCfg = Release|Any CPU
		{A36444C8-6A75-4F38-967E-17B8218775AA}.TFS Build - Nightly|Any CPU.Build.0 = Release|Any CPU
		{341AB5C9-6084-4096-9B2E-AA3E5ADE7941}.Debug|Any CPU.ActiveCfg = Debug|Any CPU
		{341AB5C9-6084-4096-9B2E-AA3E5ADE7941}.Debug|Any CPU.Build.0 = Debug|Any CPU
		{341AB5C9-6084-4096-9B2E-AA3E5ADE7941}.Release|Any CPU.ActiveCfg = Release|Any CPU
		{341AB5C9-6084-4096-9B2E-AA3E5ADE7941}.Release|Any CPU.Build.0 = Release|Any CPU
		{341AB5C9-6084-4096-9B2E-AA3E5ADE7941}.TFS Build - Check-in|Any CPU.ActiveCfg = Release|Any CPU
		{341AB5C9-6084-4096-9B2E-AA3E5ADE7941}.TFS Build - Check-in|Any CPU.Build.0 = Release|Any CPU
		{341AB5C9-6084-4096-9B2E-AA3E5ADE7941}.TFS Build - Nightly|Any CPU.ActiveCfg = Release|Any CPU
		{341AB5C9-6084-4096-9B2E-AA3E5ADE7941}.TFS Build - Nightly|Any CPU.Build.0 = Release|Any CPU
		{FC75C77E-4596-4603-8BEB-DFC428C24BAB}.Debug|Any CPU.ActiveCfg = Debug|Any CPU
		{FC75C77E-4596-4603-8BEB-DFC428C24BAB}.Debug|Any CPU.Build.0 = Debug|Any CPU
		{FC75C77E-4596-4603-8BEB-DFC428C24BAB}.Release|Any CPU.ActiveCfg = Release|Any CPU
		{FC75C77E-4596-4603-8BEB-DFC428C24BAB}.Release|Any CPU.Build.0 = Release|Any CPU
		{FC75C77E-4596-4603-8BEB-DFC428C24BAB}.TFS Build - Check-in|Any CPU.ActiveCfg = Release|Any CPU
		{FC75C77E-4596-4603-8BEB-DFC428C24BAB}.TFS Build - Check-in|Any CPU.Build.0 = Release|Any CPU
		{FC75C77E-4596-4603-8BEB-DFC428C24BAB}.TFS Build - Nightly|Any CPU.ActiveCfg = Release|Any CPU
		{FC75C77E-4596-4603-8BEB-DFC428C24BAB}.TFS Build - Nightly|Any CPU.Build.0 = Release|Any CPU
		{A5CFFCCC-8EFB-44BA-9603-18C9AAC631F0}.Debug|Any CPU.ActiveCfg = Debug|Any CPU
		{A5CFFCCC-8EFB-44BA-9603-18C9AAC631F0}.Debug|Any CPU.Build.0 = Debug|Any CPU
		{A5CFFCCC-8EFB-44BA-9603-18C9AAC631F0}.Release|Any CPU.ActiveCfg = Release|Any CPU
		{A5CFFCCC-8EFB-44BA-9603-18C9AAC631F0}.Release|Any CPU.Build.0 = Release|Any CPU
		{A5CFFCCC-8EFB-44BA-9603-18C9AAC631F0}.TFS Build - Check-in|Any CPU.ActiveCfg = Release|Any CPU
		{A5CFFCCC-8EFB-44BA-9603-18C9AAC631F0}.TFS Build - Check-in|Any CPU.Build.0 = Release|Any CPU
		{A5CFFCCC-8EFB-44BA-9603-18C9AAC631F0}.TFS Build - Nightly|Any CPU.ActiveCfg = Release|Any CPU
		{A5CFFCCC-8EFB-44BA-9603-18C9AAC631F0}.TFS Build - Nightly|Any CPU.Build.0 = Release|Any CPU
	EndGlobalSection
	GlobalSection(SolutionProperties) = preSolution
		HideSolutionNode = FALSE
	EndGlobalSection
	GlobalSection(NestedProjects) = preSolution
		{283B7891-BF96-4C00-BF6D-955EE68BBFBB} = {22E9E5B2-4657-4A2E-994E-3CD6B0579B8A}
		{5300A5E5-408C-4F5A-B108-9E3E6BBDB9A8} = {CEB1827C-CC61-403F-9489-5046ABC3059F}
		{610EEA86-9867-4F3D-A05E-71468F120842} = {CEB1827C-CC61-403F-9489-5046ABC3059F}
		{5FA734C8-CA06-4B53-A864-9786EA079FEC} = {CEB1827C-CC61-403F-9489-5046ABC3059F}
		{65AF0627-C230-4618-8435-415301686563} = {2050C862-9AB8-468A-9286-11FEACEDE654}
		{CC69A026-FB42-4C44-BDEB-8E956AC0E41A} = {2050C862-9AB8-468A-9286-11FEACEDE654}
		{128A7BA8-3779-4AF2-8647-53013CBCD981} = {2050C862-9AB8-468A-9286-11FEACEDE654}
		{010ED4F3-6714-4B52-8561-85F31889B5F8} = {A339F88D-41E6-4D8A-8C61-C9959BFF7BE3}
		{40A8A100-FD15-46EE-B792-50726A9982DC} = {A339F88D-41E6-4D8A-8C61-C9959BFF7BE3}
		{320E36D4-224E-4C8B-B04B-24E932E5F3D9} = {A339F88D-41E6-4D8A-8C61-C9959BFF7BE3}
		{474F5244-97D6-42B1-8664-122876EB56BF} = {A339F88D-41E6-4D8A-8C61-C9959BFF7BE3}
		{6C99D22F-AD3D-4532-9441-C0E616C87261} = {A339F88D-41E6-4D8A-8C61-C9959BFF7BE3}
		{3EABF240-372F-4805-BFBF-133E65B8EC71} = {A339F88D-41E6-4D8A-8C61-C9959BFF7BE3}
		{62C136F4-941F-40C3-840A-9C9F2084385F} = {A339F88D-41E6-4D8A-8C61-C9959BFF7BE3}
		{34291C69-DFE2-4DC7-85C8-53562A2967B9} = {A339F88D-41E6-4D8A-8C61-C9959BFF7BE3}
		{00D56FC7-864D-4209-A7EB-2697E9C2557A} = {A339F88D-41E6-4D8A-8C61-C9959BFF7BE3}
		{86C6F736-D65C-4022-921E-45F97948D46D} = {A339F88D-41E6-4D8A-8C61-C9959BFF7BE3}
		{786AA82A-BC99-49F7-8C45-287C78CA5A44} = {A339F88D-41E6-4D8A-8C61-C9959BFF7BE3}
		{984A3026-CB71-4449-8AAB-8BE638EC1687} = {A339F88D-41E6-4D8A-8C61-C9959BFF7BE3}
		{A36444C8-6A75-4F38-967E-17B8218775AA} = {A339F88D-41E6-4D8A-8C61-C9959BFF7BE3}
		{341AB5C9-6084-4096-9B2E-AA3E5ADE7941} = {A339F88D-41E6-4D8A-8C61-C9959BFF7BE3}
		{AA63705D-D668-4946-95FB-01CF1EBA910B} = {9DAB2572-CC34-4BE4-B3B0-80673D976129}
		{8F476D12-8DC3-43EC-B9F0-31D74CA4F379} = {6FE17A85-5330-4A75-B040-CE2C80EB915C}
		{F3EBBA64-7D2B-424C-A063-762DD3112DD6} = {A1554B1E-93B4-482E-9229-08B85354221A}
		{3B1AFBA6-B615-41F1-873B-FAE626C7FE00} = {1441D5F3-69B0-494E-9AE8-F6D55C99FA79}
		{3D10F674-67B3-40FD-82CF-853AF6567AF7} = {1441D5F3-69B0-494E-9AE8-F6D55C99FA79}
		{FC75C77E-4596-4603-8BEB-DFC428C24BAB} = {7BF9A71D-3926-4FA1-A5B1-E6647171216A}
		{A5CFFCCC-8EFB-44BA-9603-18C9AAC631F0} = {7BF9A71D-3926-4FA1-A5B1-E6647171216A}
	EndGlobalSection
	GlobalSection(ExtensibilityGlobals) = postSolution
		VisualSVNWorkingCopyRoot = .
	EndGlobalSection
EndGlobal
