
Microsoft Visual Studio Solution File, Format Version 11.00
# Visual Studio 2010
Project("{FAE04EC0-301F-11D3-BF4B-00C04F79EFBC}") = "gpmr", "gpmr\gpmr.csproj", "{474F5244-97D6-42B1-8664-122876EB56BF}"
EndProject
Project("{FAE04EC0-301F-11D3-BF4B-00C04F79EFBC}") = "MohawkCollege.EHR.gpmr.COR", "gpmr\MohawkCollege.EHR.gpmr.COR\MohawkCollege.EHR.gpmr.COR.csproj", "{6C99D22F-AD3D-4532-9441-C0E616C87261}"
EndProject
Project("{FAE04EC0-301F-11D3-BF4B-00C04F79EFBC}") = "MohawkCollege.EHR.gpmr.Pipeline", "gpmr\MohawkCollege.EHR.gpmr.Pipeline\MohawkCollege.EHR.gpmr.Pipeline.csproj", "{3EABF240-372F-4805-BFBF-133E65B8EC71}"
EndProject
Project("{FAE04EC0-301F-11D3-BF4B-00C04F79EFBC}") = "MohawkCollege.EHR.gpmr.Pipeline.Compiler", "gpmr\MohawkCollege.EHR.gpmr.Pipeline.Compiler\MohawkCollege.EHR.gpmr.Pipeline.Compiler.csproj", "{62C136F4-941F-40C3-840A-9C9F2084385F}"
EndProject
Project("{FAE04EC0-301F-11D3-BF4B-00C04F79EFBC}") = "MohawkCollege.EHR.gpmr.Pipeline.Renderer.Deki", "gpmr\MohawkCollege.EHR.gpmr.Pipeline.Renderer.Deki\MohawkCollege.EHR.gpmr.Pipeline.Renderer.Deki.csproj", "{34291C69-DFE2-4DC7-85C8-53562A2967B9}"
EndProject
Project("{FAE04EC0-301F-11D3-BF4B-00C04F79EFBC}") = "MohawkCollege.EHR.gpmr.Pipeline.Renderer.RimbaCS", "gpmr\MohawkCollege.EHR.gpmr.Pipeline.Renderer.RimbaCS\MohawkCollege.EHR.gpmr.Pipeline.Renderer.RimbaCS.csproj", "{00D56FC7-864D-4209-A7EB-2697E9C2557A}"
EndProject
Project("{FAE04EC0-301F-11D3-BF4B-00C04F79EFBC}") = "MohawkCollege.EHR.HL7v3.MIF.MIF20", "gpmr\MohawkCollege.EHR.HL7v3.MIF.MIF20\MohawkCollege.EHR.HL7v3.MIF.MIF20.csproj", "{010ED4F3-6714-4B52-8561-85F31889B5F8}"
EndProject
Project("{FAE04EC0-301F-11D3-BF4B-00C04F79EFBC}") = "MohawkCollege.Util.Console.Parameters", "gpmr\MohawkCollege.Util.Console.Parameters\MohawkCollege.Util.Console.Parameters.csproj", "{40A8A100-FD15-46EE-B792-50726A9982DC}"
EndProject
Project("{FAE04EC0-301F-11D3-BF4B-00C04F79EFBC}") = "MohawkCollege.Util.Console.Writer", "gpmr\MohawkCollege.Util.Console.Writer\MohawkCollege.Util.Console.Writer.csproj", "{320E36D4-224E-4C8B-B04B-24E932E5F3D9}"
EndProject
Project("{FAE04EC0-301F-11D3-BF4B-00C04F79EFBC}") = "MARC.Everest", "MARC.Everest\MARC.Everest.csproj", "{283B7891-BF96-4C00-BF6D-955EE68BBFBB}"
EndProject
Project("{FAE04EC0-301F-11D3-BF4B-00C04F79EFBC}") = "MARC.Everest.Connectors.File", "MARC.Everest.Connectors.File\MARC.Everest.Connectors.File.csproj", "{5300A5E5-408C-4F5A-B108-9E3E6BBDB9A8}"
EndProject
Project("{FAE04EC0-301F-11D3-BF4B-00C04F79EFBC}") = "MARC.Everest.Connectors.WCF", "MARC.Everest.Connectors.WCF\MARC.Everest.Connectors.WCF.csproj", "{5FA734C8-CA06-4B53-A864-9786EA079FEC}"
EndProject
Project("{FAE04EC0-301F-11D3-BF4B-00C04F79EFBC}") = "MARC.Everest.Formatters.XML.Datatypes.R1", "MARC.Everest.Formatters.XML.Datatypes.R1\MARC.Everest.Formatters.XML.Datatypes.R1.csproj", "{65AF0627-C230-4618-8435-415301686563}"
EndProject
Project("{FAE04EC0-301F-11D3-BF4B-00C04F79EFBC}") = "MARC.Everest.Formatters.XML.ITS1", "MARC.Everest.Formatters.XML.ITS1\MARC.Everest.Formatters.XML.ITS1.csproj", "{CC69A026-FB42-4C44-BDEB-8E956AC0E41A}"
EndProject
Project("{FAE04EC0-301F-11D3-BF4B-00C04F79EFBC}") = "MohawkCollege.EHR.gpmr.Pipeline.Triggers.CorCollapser", "gpmr\MohawkCollege.EHR.gpmr.Pipeline.Triggers.CorCollapser\MohawkCollege.EHR.gpmr.Pipeline.Triggers.CorCollapser.csproj", "{786AA82A-BC99-49F7-8C45-287C78CA5A44}"
EndProject
Project("{FAE04EC0-301F-11D3-BF4B-00C04F79EFBC}") = "MARC.Everest.Formatters.XML.Datatypes.R2", "MARC.Everest.Formatters.XML.Datatypes.R2\MARC.Everest.Formatters.XML.Datatypes.R2.csproj", "{128A7BA8-3779-4AF2-8647-53013CBCD981}"
EndProject
Project("{FAE04EC0-301F-11D3-BF4B-00C04F79EFBC}") = "MohawkCollege.EHR.gpmr.Pipeline.Renderer.Java", "gpmr\MohawkCollege.EHR.gpmr.Pipeline.Renderer.Java\MohawkCollege.EHR.gpmr.Pipeline.Renderer.Java.csproj", "{984A3026-CB71-4449-8AAB-8BE638EC1687}"
EndProject
Project("{FAE04EC0-301F-11D3-BF4B-00C04F79EFBC}") = "MohawkCollege.EHR.gpmr.Pipeline.Renderer.XML.ITS", "gpmr\MohawkCollege.EHR.gpmr.Pipeline.Renderer.XML.ITS\MohawkCollege.EHR.gpmr.Pipeline.Renderer.XML.ITS.csproj", "{86C6F736-D65C-4022-921E-45F97948D46D}"
EndProject
Project("{FAE04EC0-301F-11D3-BF4B-00C04F79EFBC}") = "MohawkCollege.EHR.gpmr.Pipeline.Triggers.CorDelta", "MohawkCollege.EHR.gpmr.Pipeline.Triggers.CorDelta\MohawkCollege.EHR.gpmr.Pipeline.Triggers.CorDelta.csproj", "{A36444C8-6A75-4F38-967E-17B8218775AA}"
EndProject
Global
	GlobalSection(SolutionConfigurationPlatforms) = preSolution
		Debug|Any CPU = Debug|Any CPU
		Release|Any CPU = Release|Any CPU
		TFS Build - Check-in|Any CPU = TFS Build - Check-in|Any CPU
		TFS Build - Nightly|Any CPU = TFS Build - Nightly|Any CPU
	EndGlobalSection
	GlobalSection(ProjectConfigurationPlatforms) = postSolution
		{474F5244-97D6-42B1-8664-122876EB56BF}.Debug|Any CPU.ActiveCfg = Debug|Any CPU
		{474F5244-97D6-42B1-8664-122876EB56BF}.Debug|Any CPU.Build.0 = Debug|Any CPU
		{474F5244-97D6-42B1-8664-122876EB56BF}.Release|Any CPU.ActiveCfg = Release|Any CPU
		{474F5244-97D6-42B1-8664-122876EB56BF}.Release|Any CPU.Build.0 = Release|Any CPU
		{474F5244-97D6-42B1-8664-122876EB56BF}.TFS Build - Check-in|Any CPU.ActiveCfg = TFS Build - Check-in|Any CPU
		{474F5244-97D6-42B1-8664-122876EB56BF}.TFS Build - Check-in|Any CPU.Build.0 = TFS Build - Check-in|Any CPU
		{474F5244-97D6-42B1-8664-122876EB56BF}.TFS Build - Nightly|Any CPU.ActiveCfg = TFS Build - Nightly|Any CPU
		{474F5244-97D6-42B1-8664-122876EB56BF}.TFS Build - Nightly|Any CPU.Build.0 = TFS Build - Nightly|Any CPU
		{6C99D22F-AD3D-4532-9441-C0E616C87261}.Debug|Any CPU.ActiveCfg = Debug|Any CPU
		{6C99D22F-AD3D-4532-9441-C0E616C87261}.Debug|Any CPU.Build.0 = Debug|Any CPU
		{6C99D22F-AD3D-4532-9441-C0E616C87261}.Release|Any CPU.ActiveCfg = Release|Any CPU
		{6C99D22F-AD3D-4532-9441-C0E616C87261}.Release|Any CPU.Build.0 = Release|Any CPU
		{6C99D22F-AD3D-4532-9441-C0E616C87261}.TFS Build - Check-in|Any CPU.ActiveCfg = TFS Build - Check-in|Any CPU
		{6C99D22F-AD3D-4532-9441-C0E616C87261}.TFS Build - Check-in|Any CPU.Build.0 = TFS Build - Check-in|Any CPU
		{6C99D22F-AD3D-4532-9441-C0E616C87261}.TFS Build - Nightly|Any CPU.ActiveCfg = TFS Build - Nightly|Any CPU
		{6C99D22F-AD3D-4532-9441-C0E616C87261}.TFS Build - Nightly|Any CPU.Build.0 = TFS Build - Nightly|Any CPU
		{3EABF240-372F-4805-BFBF-133E65B8EC71}.Debug|Any CPU.ActiveCfg = Debug|Any CPU
		{3EABF240-372F-4805-BFBF-133E65B8EC71}.Debug|Any CPU.Build.0 = Debug|Any CPU
		{3EABF240-372F-4805-BFBF-133E65B8EC71}.Release|Any CPU.ActiveCfg = Release|Any CPU
		{3EABF240-372F-4805-BFBF-133E65B8EC71}.Release|Any CPU.Build.0 = Release|Any CPU
		{3EABF240-372F-4805-BFBF-133E65B8EC71}.TFS Build - Check-in|Any CPU.ActiveCfg = TFS Build - Check-in|Any CPU
		{3EABF240-372F-4805-BFBF-133E65B8EC71}.TFS Build - Check-in|Any CPU.Build.0 = TFS Build - Check-in|Any CPU
		{3EABF240-372F-4805-BFBF-133E65B8EC71}.TFS Build - Nightly|Any CPU.ActiveCfg = TFS Build - Nightly|Any CPU
		{3EABF240-372F-4805-BFBF-133E65B8EC71}.TFS Build - Nightly|Any CPU.Build.0 = TFS Build - Nightly|Any CPU
		{62C136F4-941F-40C3-840A-9C9F2084385F}.Debug|Any CPU.ActiveCfg = Debug|Any CPU
		{62C136F4-941F-40C3-840A-9C9F2084385F}.Debug|Any CPU.Build.0 = Debug|Any CPU
		{62C136F4-941F-40C3-840A-9C9F2084385F}.Release|Any CPU.ActiveCfg = Release|Any CPU
		{62C136F4-941F-40C3-840A-9C9F2084385F}.Release|Any CPU.Build.0 = Release|Any CPU
		{62C136F4-941F-40C3-840A-9C9F2084385F}.TFS Build - Check-in|Any CPU.ActiveCfg = TFS Build - Check-in|Any CPU
		{62C136F4-941F-40C3-840A-9C9F2084385F}.TFS Build - Check-in|Any CPU.Build.0 = TFS Build - Check-in|Any CPU
		{62C136F4-941F-40C3-840A-9C9F2084385F}.TFS Build - Nightly|Any CPU.ActiveCfg = TFS Build - Nightly|Any CPU
		{62C136F4-941F-40C3-840A-9C9F2084385F}.TFS Build - Nightly|Any CPU.Build.0 = TFS Build - Nightly|Any CPU
		{34291C69-DFE2-4DC7-85C8-53562A2967B9}.Debug|Any CPU.ActiveCfg = Debug|Any CPU
		{34291C69-DFE2-4DC7-85C8-53562A2967B9}.Debug|Any CPU.Build.0 = Debug|Any CPU
		{34291C69-DFE2-4DC7-85C8-53562A2967B9}.Release|Any CPU.ActiveCfg = Release|Any CPU
		{34291C69-DFE2-4DC7-85C8-53562A2967B9}.Release|Any CPU.Build.0 = Release|Any CPU
		{34291C69-DFE2-4DC7-85C8-53562A2967B9}.TFS Build - Check-in|Any CPU.ActiveCfg = TFS Build - Check-in|Any CPU
		{34291C69-DFE2-4DC7-85C8-53562A2967B9}.TFS Build - Check-in|Any CPU.Build.0 = TFS Build - Check-in|Any CPU
		{34291C69-DFE2-4DC7-85C8-53562A2967B9}.TFS Build - Nightly|Any CPU.ActiveCfg = TFS Build - Nightly|Any CPU
		{34291C69-DFE2-4DC7-85C8-53562A2967B9}.TFS Build - Nightly|Any CPU.Build.0 = TFS Build - Nightly|Any CPU
		{00D56FC7-864D-4209-A7EB-2697E9C2557A}.Debug|Any CPU.ActiveCfg = Debug|Any CPU
		{00D56FC7-864D-4209-A7EB-2697E9C2557A}.Debug|Any CPU.Build.0 = Debug|Any CPU
		{00D56FC7-864D-4209-A7EB-2697E9C2557A}.Release|Any CPU.ActiveCfg = Release|Any CPU
		{00D56FC7-864D-4209-A7EB-2697E9C2557A}.Release|Any CPU.Build.0 = Release|Any CPU
		{00D56FC7-864D-4209-A7EB-2697E9C2557A}.TFS Build - Check-in|Any CPU.ActiveCfg = TFS Build - Check-in|Any CPU
		{00D56FC7-864D-4209-A7EB-2697E9C2557A}.TFS Build - Check-in|Any CPU.Build.0 = TFS Build - Check-in|Any CPU
		{00D56FC7-864D-4209-A7EB-2697E9C2557A}.TFS Build - Nightly|Any CPU.ActiveCfg = TFS Build - Nightly|Any CPU
		{00D56FC7-864D-4209-A7EB-2697E9C2557A}.TFS Build - Nightly|Any CPU.Build.0 = TFS Build - Nightly|Any CPU
		{010ED4F3-6714-4B52-8561-85F31889B5F8}.Debug|Any CPU.ActiveCfg = Debug|Any CPU
		{010ED4F3-6714-4B52-8561-85F31889B5F8}.Debug|Any CPU.Build.0 = Debug|Any CPU
		{010ED4F3-6714-4B52-8561-85F31889B5F8}.Release|Any CPU.ActiveCfg = Release|Any CPU
		{010ED4F3-6714-4B52-8561-85F31889B5F8}.Release|Any CPU.Build.0 = Release|Any CPU
		{010ED4F3-6714-4B52-8561-85F31889B5F8}.TFS Build - Check-in|Any CPU.ActiveCfg = TFS Build - Check-in|Any CPU
		{010ED4F3-6714-4B52-8561-85F31889B5F8}.TFS Build - Check-in|Any CPU.Build.0 = TFS Build - Check-in|Any CPU
		{010ED4F3-6714-4B52-8561-85F31889B5F8}.TFS Build - Nightly|Any CPU.ActiveCfg = TFS Build - Nightly|Any CPU
		{010ED4F3-6714-4B52-8561-85F31889B5F8}.TFS Build - Nightly|Any CPU.Build.0 = TFS Build - Nightly|Any CPU
		{40A8A100-FD15-46EE-B792-50726A9982DC}.Debug|Any CPU.ActiveCfg = Debug|Any CPU
		{40A8A100-FD15-46EE-B792-50726A9982DC}.Debug|Any CPU.Build.0 = Debug|Any CPU
		{40A8A100-FD15-46EE-B792-50726A9982DC}.Release|Any CPU.ActiveCfg = Release|Any CPU
		{40A8A100-FD15-46EE-B792-50726A9982DC}.Release|Any CPU.Build.0 = Release|Any CPU
		{40A8A100-FD15-46EE-B792-50726A9982DC}.TFS Build - Check-in|Any CPU.ActiveCfg = TFS Build - Check-in|Any CPU
		{40A8A100-FD15-46EE-B792-50726A9982DC}.TFS Build - Check-in|Any CPU.Build.0 = TFS Build - Check-in|Any CPU
		{40A8A100-FD15-46EE-B792-50726A9982DC}.TFS Build - Nightly|Any CPU.ActiveCfg = TFS Build - Nightly|Any CPU
		{40A8A100-FD15-46EE-B792-50726A9982DC}.TFS Build - Nightly|Any CPU.Build.0 = TFS Build - Nightly|Any CPU
		{320E36D4-224E-4C8B-B04B-24E932E5F3D9}.Debug|Any CPU.ActiveCfg = Debug|Any CPU
		{320E36D4-224E-4C8B-B04B-24E932E5F3D9}.Debug|Any CPU.Build.0 = Debug|Any CPU
		{320E36D4-224E-4C8B-B04B-24E932E5F3D9}.Release|Any CPU.ActiveCfg = Release|Any CPU
		{320E36D4-224E-4C8B-B04B-24E932E5F3D9}.Release|Any CPU.Build.0 = Release|Any CPU
		{320E36D4-224E-4C8B-B04B-24E932E5F3D9}.TFS Build - Check-in|Any CPU.ActiveCfg = TFS Build - Check-in|Any CPU
		{320E36D4-224E-4C8B-B04B-24E932E5F3D9}.TFS Build - Check-in|Any CPU.Build.0 = TFS Build - Check-in|Any CPU
		{320E36D4-224E-4C8B-B04B-24E932E5F3D9}.TFS Build - Nightly|Any CPU.ActiveCfg = TFS Build - Nightly|Any CPU
		{320E36D4-224E-4C8B-B04B-24E932E5F3D9}.TFS Build - Nightly|Any CPU.Build.0 = TFS Build - Nightly|Any CPU
		{283B7891-BF96-4C00-BF6D-955EE68BBFBB}.Debug|Any CPU.ActiveCfg = Debug|Any CPU
		{283B7891-BF96-4C00-BF6D-955EE68BBFBB}.Debug|Any CPU.Build.0 = Debug|Any CPU
		{283B7891-BF96-4C00-BF6D-955EE68BBFBB}.Release|Any CPU.ActiveCfg = Release|Any CPU
		{283B7891-BF96-4C00-BF6D-955EE68BBFBB}.Release|Any CPU.Build.0 = Release|Any CPU
		{283B7891-BF96-4C00-BF6D-955EE68BBFBB}.TFS Build - Check-in|Any CPU.ActiveCfg = TFS Build - Check-in|Any CPU
		{283B7891-BF96-4C00-BF6D-955EE68BBFBB}.TFS Build - Check-in|Any CPU.Build.0 = TFS Build - Check-in|Any CPU
		{283B7891-BF96-4C00-BF6D-955EE68BBFBB}.TFS Build - Nightly|Any CPU.ActiveCfg = TFS Build - Nightly|Any CPU
		{283B7891-BF96-4C00-BF6D-955EE68BBFBB}.TFS Build - Nightly|Any CPU.Build.0 = TFS Build - Nightly|Any CPU
		{5300A5E5-408C-4F5A-B108-9E3E6BBDB9A8}.Debug|Any CPU.ActiveCfg = Debug|Any CPU
		{5300A5E5-408C-4F5A-B108-9E3E6BBDB9A8}.Debug|Any CPU.Build.0 = Debug|Any CPU
		{5300A5E5-408C-4F5A-B108-9E3E6BBDB9A8}.Release|Any CPU.ActiveCfg = Release|Any CPU
		{5300A5E5-408C-4F5A-B108-9E3E6BBDB9A8}.Release|Any CPU.Build.0 = Release|Any CPU
		{5300A5E5-408C-4F5A-B108-9E3E6BBDB9A8}.TFS Build - Check-in|Any CPU.ActiveCfg = TFS Build - Check-in|Any CPU
		{5300A5E5-408C-4F5A-B108-9E3E6BBDB9A8}.TFS Build - Check-in|Any CPU.Build.0 = TFS Build - Check-in|Any CPU
		{5300A5E5-408C-4F5A-B108-9E3E6BBDB9A8}.TFS Build - Nightly|Any CPU.ActiveCfg = TFS Build - Nightly|Any CPU
		{5300A5E5-408C-4F5A-B108-9E3E6BBDB9A8}.TFS Build - Nightly|Any CPU.Build.0 = TFS Build - Nightly|Any CPU
		{5FA734C8-CA06-4B53-A864-9786EA079FEC}.Debug|Any CPU.ActiveCfg = Debug|Any CPU
		{5FA734C8-CA06-4B53-A864-9786EA079FEC}.Debug|Any CPU.Build.0 = Debug|Any CPU
		{5FA734C8-CA06-4B53-A864-9786EA079FEC}.Release|Any CPU.ActiveCfg = Release|Any CPU
		{5FA734C8-CA06-4B53-A864-9786EA079FEC}.Release|Any CPU.Build.0 = Release|Any CPU
		{5FA734C8-CA06-4B53-A864-9786EA079FEC}.TFS Build - Check-in|Any CPU.ActiveCfg = TFS Build - Check-in|Any CPU
		{5FA734C8-CA06-4B53-A864-9786EA079FEC}.TFS Build - Check-in|Any CPU.Build.0 = TFS Build - Check-in|Any CPU
		{5FA734C8-CA06-4B53-A864-9786EA079FEC}.TFS Build - Nightly|Any CPU.ActiveCfg = TFS Build - Nightly|Any CPU
		{5FA734C8-CA06-4B53-A864-9786EA079FEC}.TFS Build - Nightly|Any CPU.Build.0 = TFS Build - Nightly|Any CPU
		{65AF0627-C230-4618-8435-415301686563}.Debug|Any CPU.ActiveCfg = Debug|Any CPU
		{65AF0627-C230-4618-8435-415301686563}.Debug|Any CPU.Build.0 = Debug|Any CPU
		{65AF0627-C230-4618-8435-415301686563}.Release|Any CPU.ActiveCfg = Release|Any CPU
		{65AF0627-C230-4618-8435-415301686563}.Release|Any CPU.Build.0 = Release|Any CPU
		{65AF0627-C230-4618-8435-415301686563}.TFS Build - Check-in|Any CPU.ActiveCfg = TFS Build - Check-in|Any CPU
		{65AF0627-C230-4618-8435-415301686563}.TFS Build - Check-in|Any CPU.Build.0 = TFS Build - Check-in|Any CPU
		{65AF0627-C230-4618-8435-415301686563}.TFS Build - Nightly|Any CPU.ActiveCfg = TFS Build - Nightly|Any CPU
		{65AF0627-C230-4618-8435-415301686563}.TFS Build - Nightly|Any CPU.Build.0 = TFS Build - Nightly|Any CPU
		{CC69A026-FB42-4C44-BDEB-8E956AC0E41A}.Debug|Any CPU.ActiveCfg = Debug|Any CPU
		{CC69A026-FB42-4C44-BDEB-8E956AC0E41A}.Debug|Any CPU.Build.0 = Debug|Any CPU
		{CC69A026-FB42-4C44-BDEB-8E956AC0E41A}.Release|Any CPU.ActiveCfg = Release|Any CPU
		{CC69A026-FB42-4C44-BDEB-8E956AC0E41A}.Release|Any CPU.Build.0 = Release|Any CPU
		{CC69A026-FB42-4C44-BDEB-8E956AC0E41A}.TFS Build - Check-in|Any CPU.ActiveCfg = TFS Build - Check-in|Any CPU
		{CC69A026-FB42-4C44-BDEB-8E956AC0E41A}.TFS Build - Check-in|Any CPU.Build.0 = TFS Build - Check-in|Any CPU
		{CC69A026-FB42-4C44-BDEB-8E956AC0E41A}.TFS Build - Nightly|Any CPU.ActiveCfg = TFS Build - Nightly|Any CPU
		{CC69A026-FB42-4C44-BDEB-8E956AC0E41A}.TFS Build - Nightly|Any CPU.Build.0 = TFS Build - Nightly|Any CPU
		{786AA82A-BC99-49F7-8C45-287C78CA5A44}.Debug|Any CPU.ActiveCfg = Debug|Any CPU
		{786AA82A-BC99-49F7-8C45-287C78CA5A44}.Debug|Any CPU.Build.0 = Debug|Any CPU
		{786AA82A-BC99-49F7-8C45-287C78CA5A44}.Release|Any CPU.ActiveCfg = Release|Any CPU
		{786AA82A-BC99-49F7-8C45-287C78CA5A44}.Release|Any CPU.Build.0 = Release|Any CPU
		{786AA82A-BC99-49F7-8C45-287C78CA5A44}.TFS Build - Check-in|Any CPU.ActiveCfg = Release|Any CPU
		{786AA82A-BC99-49F7-8C45-287C78CA5A44}.TFS Build - Check-in|Any CPU.Build.0 = Release|Any CPU
		{786AA82A-BC99-49F7-8C45-287C78CA5A44}.TFS Build - Nightly|Any CPU.ActiveCfg = Release|Any CPU
		{786AA82A-BC99-49F7-8C45-287C78CA5A44}.TFS Build - Nightly|Any CPU.Build.0 = Release|Any CPU
		{128A7BA8-3779-4AF2-8647-53013CBCD981}.Debug|Any CPU.ActiveCfg = Debug|Any CPU
		{128A7BA8-3779-4AF2-8647-53013CBCD981}.Debug|Any CPU.Build.0 = Debug|Any CPU
		{128A7BA8-3779-4AF2-8647-53013CBCD981}.Release|Any CPU.ActiveCfg = Release|Any CPU
		{128A7BA8-3779-4AF2-8647-53013CBCD981}.Release|Any CPU.Build.0 = Release|Any CPU
		{128A7BA8-3779-4AF2-8647-53013CBCD981}.TFS Build - Check-in|Any CPU.ActiveCfg = Release|Any CPU
		{128A7BA8-3779-4AF2-8647-53013CBCD981}.TFS Build - Check-in|Any CPU.Build.0 = Release|Any CPU
		{128A7BA8-3779-4AF2-8647-53013CBCD981}.TFS Build - Nightly|Any CPU.ActiveCfg = Release|Any CPU
		{128A7BA8-3779-4AF2-8647-53013CBCD981}.TFS Build - Nightly|Any CPU.Build.0 = Release|Any CPU
		{984A3026-CB71-4449-8AAB-8BE638EC1687}.Debug|Any CPU.ActiveCfg = Debug|Any CPU
		{984A3026-CB71-4449-8AAB-8BE638EC1687}.Debug|Any CPU.Build.0 = Debug|Any CPU
		{984A3026-CB71-4449-8AAB-8BE638EC1687}.Release|Any CPU.ActiveCfg = Release|Any CPU
		{984A3026-CB71-4449-8AAB-8BE638EC1687}.Release|Any CPU.Build.0 = Release|Any CPU
		{984A3026-CB71-4449-8AAB-8BE638EC1687}.TFS Build - Check-in|Any CPU.ActiveCfg = Release|Any CPU
		{984A3026-CB71-4449-8AAB-8BE638EC1687}.TFS Build - Check-in|Any CPU.Build.0 = Release|Any CPU
		{984A3026-CB71-4449-8AAB-8BE638EC1687}.TFS Build - Nightly|Any CPU.ActiveCfg = Release|Any CPU
		{984A3026-CB71-4449-8AAB-8BE638EC1687}.TFS Build - Nightly|Any CPU.Build.0 = Release|Any CPU
		{86C6F736-D65C-4022-921E-45F97948D46D}.Debug|Any CPU.ActiveCfg = Debug|Any CPU
		{86C6F736-D65C-4022-921E-45F97948D46D}.Debug|Any CPU.Build.0 = Debug|Any CPU
		{86C6F736-D65C-4022-921E-45F97948D46D}.Release|Any CPU.ActiveCfg = Release|Any CPU
		{86C6F736-D65C-4022-921E-45F97948D46D}.Release|Any CPU.Build.0 = Release|Any CPU
		{86C6F736-D65C-4022-921E-45F97948D46D}.TFS Build - Check-in|Any CPU.ActiveCfg = Release|Any CPU
		{86C6F736-D65C-4022-921E-45F97948D46D}.TFS Build - Check-in|Any CPU.Build.0 = Release|Any CPU
		{86C6F736-D65C-4022-921E-45F97948D46D}.TFS Build - Nightly|Any CPU.ActiveCfg = Release|Any CPU
		{86C6F736-D65C-4022-921E-45F97948D46D}.TFS Build - Nightly|Any CPU.Build.0 = Release|Any CPU
		{A36444C8-6A75-4F38-967E-17B8218775AA}.Debug|Any CPU.ActiveCfg = Debug|Any CPU
		{A36444C8-6A75-4F38-967E-17B8218775AA}.Debug|Any CPU.Build.0 = Debug|Any CPU
		{A36444C8-6A75-4F38-967E-17B8218775AA}.Release|Any CPU.ActiveCfg = Release|Any CPU
		{A36444C8-6A75-4F38-967E-17B8218775AA}.Release|Any CPU.Build.0 = Release|Any CPU
		{A36444C8-6A75-4F38-967E-17B8218775AA}.TFS Build - Check-in|Any CPU.ActiveCfg = Release|Any CPU
		{A36444C8-6A75-4F38-967E-17B8218775AA}.TFS Build - Check-in|Any CPU.Build.0 = Release|Any CPU
		{A36444C8-6A75-4F38-967E-17B8218775AA}.TFS Build - Nightly|Any CPU.ActiveCfg = Release|Any CPU
		{A36444C8-6A75-4F38-967E-17B8218775AA}.TFS Build - Nightly|Any CPU.Build.0 = Release|Any CPU
	EndGlobalSection
	GlobalSection(SolutionProperties) = preSolution
		HideSolutionNode = FALSE
	EndGlobalSection
EndGlobal
