
Microsoft Visual Studio Solution File, Format Version 10.00
# Visual Studio 2008
Project("{FAE04EC0-301F-11D3-BF4B-00C04F79EFBC}") = "Samples.Everest.DataTypes", "Samples.Everest.DataTypes\Samples.Everest.DataTypes.csproj", "{3B03564C-FDD0-4C0D-A31D-41FC71BB3818}"
EndProject
Global
	GlobalSection(SolutionConfigurationPlatforms) = preSolution
		Debug|Any CPU = Debug|Any CPU
		Release|Any CPU = Release|Any CPU
	EndGlobalSection
	GlobalSection(ProjectConfigurationPlatforms) = postSolution
		{3B03564C-FDD0-4C0D-A31D-41FC71BB3818}.Debug|Any CPU.ActiveCfg = Debug|Any CPU
		{3B03564C-FDD0-4C0D-A31D-41FC71BB3818}.Debug|Any CPU.Build.0 = Debug|Any CPU
		{3B03564C-FDD0-4C0D-A31D-41FC71BB3818}.Release|Any CPU.ActiveCfg = Release|Any CPU
		{3B03564C-FDD0-4C0D-A31D-41FC71BB3818}.Release|Any CPU.Build.0 = Release|Any CPU
	EndGlobalSection
	GlobalSection(SolutionProperties) = preSolution
		HideSolutionNode = FALSE
	EndGlobalSection
EndGlobal
