
Microsoft Visual Studio Solution File, Format Version 10.00
# Visual Studio 2008
Project("{FAE04EC0-301F-11D3-BF4B-00C04F79EFBC}") = "Samples.Everest.Connectors.MemoryConnector", "Guide\Samples.Everest.Connectors.MemoryConnector\Samples.Everest.Connectors.MemoryConnector\Samples.Everest.Connectors.MemoryConnector.csproj", "{41831D08-D161-479A-8FA0-2AC1BE9E4C0A}"
EndProject
Project("{FAE04EC0-301F-11D3-BF4B-00C04F79EFBC}") = "Samples.Everest.Formatters.BinFormatter", "Guide\Samples.Everest.Formatters.BinFormatter\Samples.Everest.Formatters.BinFormatter.csproj", "{6450B44E-5EE5-47DF-9EB9-CEC0E3766918}"
EndProject
Project("{FAE04EC0-301F-11D3-BF4B-00C04F79EFBC}") = "Samples.Everest.Connectors.WcfService", "Guide\Samples.Everest.Connectors.WcfService\Samples.Everest.Connectors.WcfService.csproj", "{1CCC9385-7A1B-4B55-885F-02D3912E8962}"
EndProject
Project("{FAE04EC0-301F-11D3-BF4B-00C04F79EFBC}") = "Samples.Everest.Connectors.FileListener", "Guide\Samples.Everest.Connectors.FileListener\Samples.Everest.Connectors.FileListener.csproj", "{86FB0C3D-9962-4BAF-BFE7-F27BC52057D5}"
EndProject
Project("{FAE04EC0-301F-11D3-BF4B-00C04F79EFBC}") = "Samples.Everest.Connectors.WcfClient", "Guide\Samples.Everest.Connectors.WcfClient\Samples.Everest.Connectors.WcfClient.csproj", "{019B558F-8AED-4F69-A99E-5727579E1530}"
EndProject
Project("{FAE04EC0-301F-11D3-BF4B-00C04F79EFBC}") = "Samples.Everest.Universal.PixPdq", "Guide\Samples.Everest.Universal.PixPdq\Samples.Everest.Universal.PixPdq.csproj", "{9AC8F3E2-2802-4B97-AE67-C507B30BB083}"
EndProject
Project("{FAE04EC0-301F-11D3-BF4B-00C04F79EFBC}") = "Samples.Everest.ClinicalDocuments.CdaConstruction", "Guide\Samples.Everest.ClinicalDocuments.CdaConstruction\Samples.Everest.ClinicalDocuments.CdaConstruction.csproj", "{CB0B9140-6378-44D4-B6CE-A64A6EAAD3FE}"
EndProject
Project("{FAE04EC0-301F-11D3-BF4B-00C04F79EFBC}") = "Samples.Everest.ClinicalDocuments.CdaValidator", "Guide\Samples.Everest.ClinicalDocuments.CdaValidator\Samples.Everest.ClinicalDocuments.CdaValidator.csproj", "{8C4E5A84-33E7-41EF-8499-988E40A9EA0F}"
EndProject
Project("{FAE04EC0-301F-11D3-BF4B-00C04F79EFBC}") = "Samples.Everest.Introduction.HelloWorld", "Guide\Samples.Everest.Introduction.HelloWorld\Samples.Everest.Introduction.HelloWorld.csproj", "{8A907DDB-4D1E-48FA-A24A-EACCAB582A34}"
EndProject
Project("{FAE04EC0-301F-11D3-BF4B-00C04F79EFBC}") = "Samples.Everest.DataTypes", "Guide\Samples.Everest.DataTypes\Samples.Everest.DataTypes\Samples.Everest.DataTypes.csproj", "{3B03564C-FDD0-4C0D-A31D-41FC71BB3818}"
EndProject
Project("{FAE04EC0-301F-11D3-BF4B-00C04F79EFBC}") = "Samples.Everest.Connectors.WcfClient.ClientRegistry", "Guide\Samples.Everest.Connectors.WcfClient.ClientRegistry\Samples.Everest.Connectors.WcfClient.ClientRegistry.csproj", "{A40863F1-1875-4280-946A-872B2409CDDF}"
EndProject
Project("{FAE04EC0-301F-11D3-BF4B-00C04F79EFBC}") = "Samples.Everest.Connectors.WcfServiceSerializer", "Guide\Samples.Everest.Connectors.WcfServiceSerializer\Samples.Everest.Connectors.WcfServiceSerializer.csproj", "{F415F171-551F-43D5-B9B0-8C2880C592AE}"
EndProject
Project("{FAE04EC0-301F-11D3-BF4B-00C04F79EFBC}") = "Samples.Everest.Connectors.WcfClient.PdqClient", "Guide\Samples.Everest.Connectors.WcfClient.PdqClient\Samples.Everest.Connectors.WcfClient.PdqClient.csproj", "{8685EF89-3682-46EC-BE93-04428FCC236A}"
EndProject
Project("{FAE04EC0-301F-11D3-BF4B-00C04F79EFBC}") = "Samples.Everest.Sherpas.MinimalCdaDocument", "Guide\Samples.Everest.Sherpas.MinimalCdaDocument\Samples.Everest.Sherpas.MinimalCdaDocument.csproj", "{59456A4D-ACEE-4E6B-84E0-7863E65C497A}"
EndProject
Global
	GlobalSection(SolutionConfigurationPlatforms) = preSolution
		Debug|Any CPU = Debug|Any CPU
		Release|Any CPU = Release|Any CPU
		TFS Build - Check-in|Any CPU = TFS Build - Check-in|Any CPU
		TFS Build - Nightly|Any CPU = TFS Build - Nightly|Any CPU
	EndGlobalSection
	GlobalSection(ProjectConfigurationPlatforms) = postSolution
		{41831D08-D161-479A-8FA0-2AC1BE9E4C0A}.Debug|Any CPU.ActiveCfg = Debug|Any CPU
		{41831D08-D161-479A-8FA0-2AC1BE9E4C0A}.Debug|Any CPU.Build.0 = Debug|Any CPU
		{41831D08-D161-479A-8FA0-2AC1BE9E4C0A}.Release|Any CPU.ActiveCfg = Release|Any CPU
		{41831D08-D161-479A-8FA0-2AC1BE9E4C0A}.Release|Any CPU.Build.0 = Release|Any CPU
		{41831D08-D161-479A-8FA0-2AC1BE9E4C0A}.TFS Build - Check-in|Any CPU.ActiveCfg = Release|Any CPU
		{41831D08-D161-479A-8FA0-2AC1BE9E4C0A}.TFS Build - Check-in|Any CPU.Build.0 = Release|Any CPU
		{41831D08-D161-479A-8FA0-2AC1BE9E4C0A}.TFS Build - Nightly|Any CPU.ActiveCfg = Release|Any CPU
		{41831D08-D161-479A-8FA0-2AC1BE9E4C0A}.TFS Build - Nightly|Any CPU.Build.0 = Release|Any CPU
		{6450B44E-5EE5-47DF-9EB9-CEC0E3766918}.Debug|Any CPU.ActiveCfg = Debug|Any CPU
		{6450B44E-5EE5-47DF-9EB9-CEC0E3766918}.Debug|Any CPU.Build.0 = Debug|Any CPU
		{6450B44E-5EE5-47DF-9EB9-CEC0E3766918}.Release|Any CPU.ActiveCfg = Release|Any CPU
		{6450B44E-5EE5-47DF-9EB9-CEC0E3766918}.Release|Any CPU.Build.0 = Release|Any CPU
		{6450B44E-5EE5-47DF-9EB9-CEC0E3766918}.TFS Build - Check-in|Any CPU.ActiveCfg = Release|Any CPU
		{6450B44E-5EE5-47DF-9EB9-CEC0E3766918}.TFS Build - Check-in|Any CPU.Build.0 = Release|Any CPU
		{6450B44E-5EE5-47DF-9EB9-CEC0E3766918}.TFS Build - Nightly|Any CPU.ActiveCfg = Release|Any CPU
		{6450B44E-5EE5-47DF-9EB9-CEC0E3766918}.TFS Build - Nightly|Any CPU.Build.0 = Release|Any CPU
		{1CCC9385-7A1B-4B55-885F-02D3912E8962}.Debug|Any CPU.ActiveCfg = Debug|Any CPU
		{1CCC9385-7A1B-4B55-885F-02D3912E8962}.Debug|Any CPU.Build.0 = Debug|Any CPU
		{1CCC9385-7A1B-4B55-885F-02D3912E8962}.Release|Any CPU.ActiveCfg = Release|Any CPU
		{1CCC9385-7A1B-4B55-885F-02D3912E8962}.Release|Any CPU.Build.0 = Release|Any CPU
		{1CCC9385-7A1B-4B55-885F-02D3912E8962}.TFS Build - Check-in|Any CPU.ActiveCfg = Release|Any CPU
		{1CCC9385-7A1B-4B55-885F-02D3912E8962}.TFS Build - Check-in|Any CPU.Build.0 = Release|Any CPU
		{1CCC9385-7A1B-4B55-885F-02D3912E8962}.TFS Build - Nightly|Any CPU.ActiveCfg = Release|Any CPU
		{1CCC9385-7A1B-4B55-885F-02D3912E8962}.TFS Build - Nightly|Any CPU.Build.0 = Release|Any CPU
		{86FB0C3D-9962-4BAF-BFE7-F27BC52057D5}.Debug|Any CPU.ActiveCfg = Debug|Any CPU
		{86FB0C3D-9962-4BAF-BFE7-F27BC52057D5}.Release|Any CPU.ActiveCfg = Release|Any CPU
		{86FB0C3D-9962-4BAF-BFE7-F27BC52057D5}.TFS Build - Check-in|Any CPU.ActiveCfg = Release|Any CPU
		{86FB0C3D-9962-4BAF-BFE7-F27BC52057D5}.TFS Build - Check-in|Any CPU.Build.0 = Release|Any CPU
		{86FB0C3D-9962-4BAF-BFE7-F27BC52057D5}.TFS Build - Nightly|Any CPU.ActiveCfg = Release|Any CPU
		{86FB0C3D-9962-4BAF-BFE7-F27BC52057D5}.TFS Build - Nightly|Any CPU.Build.0 = Release|Any CPU
		{019B558F-8AED-4F69-A99E-5727579E1530}.Debug|Any CPU.ActiveCfg = Debug|Any CPU
		{019B558F-8AED-4F69-A99E-5727579E1530}.Debug|Any CPU.Build.0 = Debug|Any CPU
		{019B558F-8AED-4F69-A99E-5727579E1530}.Release|Any CPU.ActiveCfg = Release|Any CPU
		{019B558F-8AED-4F69-A99E-5727579E1530}.Release|Any CPU.Build.0 = Release|Any CPU
		{019B558F-8AED-4F69-A99E-5727579E1530}.TFS Build - Check-in|Any CPU.ActiveCfg = Release|Any CPU
		{019B558F-8AED-4F69-A99E-5727579E1530}.TFS Build - Check-in|Any CPU.Build.0 = Release|Any CPU
		{019B558F-8AED-4F69-A99E-5727579E1530}.TFS Build - Nightly|Any CPU.ActiveCfg = Release|Any CPU
		{019B558F-8AED-4F69-A99E-5727579E1530}.TFS Build - Nightly|Any CPU.Build.0 = Release|Any CPU
		{9AC8F3E2-2802-4B97-AE67-C507B30BB083}.Debug|Any CPU.ActiveCfg = Debug|Any CPU
		{9AC8F3E2-2802-4B97-AE67-C507B30BB083}.Debug|Any CPU.Build.0 = Debug|Any CPU
		{9AC8F3E2-2802-4B97-AE67-C507B30BB083}.Release|Any CPU.ActiveCfg = Release|Any CPU
		{9AC8F3E2-2802-4B97-AE67-C507B30BB083}.Release|Any CPU.Build.0 = Release|Any CPU
		{9AC8F3E2-2802-4B97-AE67-C507B30BB083}.TFS Build - Check-in|Any CPU.ActiveCfg = Release|Any CPU
		{9AC8F3E2-2802-4B97-AE67-C507B30BB083}.TFS Build - Check-in|Any CPU.Build.0 = Release|Any CPU
		{9AC8F3E2-2802-4B97-AE67-C507B30BB083}.TFS Build - Nightly|Any CPU.ActiveCfg = Release|Any CPU
		{9AC8F3E2-2802-4B97-AE67-C507B30BB083}.TFS Build - Nightly|Any CPU.Build.0 = Release|Any CPU
		{CB0B9140-6378-44D4-B6CE-A64A6EAAD3FE}.Debug|Any CPU.ActiveCfg = Debug|Any CPU
		{CB0B9140-6378-44D4-B6CE-A64A6EAAD3FE}.Debug|Any CPU.Build.0 = Debug|Any CPU
		{CB0B9140-6378-44D4-B6CE-A64A6EAAD3FE}.Release|Any CPU.ActiveCfg = Release|Any CPU
		{CB0B9140-6378-44D4-B6CE-A64A6EAAD3FE}.Release|Any CPU.Build.0 = Release|Any CPU
		{CB0B9140-6378-44D4-B6CE-A64A6EAAD3FE}.TFS Build - Check-in|Any CPU.ActiveCfg = Release|Any CPU
		{CB0B9140-6378-44D4-B6CE-A64A6EAAD3FE}.TFS Build - Check-in|Any CPU.Build.0 = Release|Any CPU
		{CB0B9140-6378-44D4-B6CE-A64A6EAAD3FE}.TFS Build - Nightly|Any CPU.ActiveCfg = Release|Any CPU
		{CB0B9140-6378-44D4-B6CE-A64A6EAAD3FE}.TFS Build - Nightly|Any CPU.Build.0 = Release|Any CPU
		{8C4E5A84-33E7-41EF-8499-988E40A9EA0F}.Debug|Any CPU.ActiveCfg = Debug|Any CPU
		{8C4E5A84-33E7-41EF-8499-988E40A9EA0F}.Debug|Any CPU.Build.0 = Debug|Any CPU
		{8C4E5A84-33E7-41EF-8499-988E40A9EA0F}.Release|Any CPU.ActiveCfg = Release|Any CPU
		{8C4E5A84-33E7-41EF-8499-988E40A9EA0F}.Release|Any CPU.Build.0 = Release|Any CPU
		{8C4E5A84-33E7-41EF-8499-988E40A9EA0F}.TFS Build - Check-in|Any CPU.ActiveCfg = Release|Any CPU
		{8C4E5A84-33E7-41EF-8499-988E40A9EA0F}.TFS Build - Check-in|Any CPU.Build.0 = Release|Any CPU
		{8C4E5A84-33E7-41EF-8499-988E40A9EA0F}.TFS Build - Nightly|Any CPU.ActiveCfg = Release|Any CPU
		{8C4E5A84-33E7-41EF-8499-988E40A9EA0F}.TFS Build - Nightly|Any CPU.Build.0 = Release|Any CPU
		{8A907DDB-4D1E-48FA-A24A-EACCAB582A34}.Debug|Any CPU.ActiveCfg = Debug|Any CPU
		{8A907DDB-4D1E-48FA-A24A-EACCAB582A34}.Debug|Any CPU.Build.0 = Debug|Any CPU
		{8A907DDB-4D1E-48FA-A24A-EACCAB582A34}.Release|Any CPU.ActiveCfg = Release|Any CPU
		{8A907DDB-4D1E-48FA-A24A-EACCAB582A34}.Release|Any CPU.Build.0 = Release|Any CPU
		{8A907DDB-4D1E-48FA-A24A-EACCAB582A34}.TFS Build - Check-in|Any CPU.ActiveCfg = Release|Any CPU
		{8A907DDB-4D1E-48FA-A24A-EACCAB582A34}.TFS Build - Check-in|Any CPU.Build.0 = Release|Any CPU
		{8A907DDB-4D1E-48FA-A24A-EACCAB582A34}.TFS Build - Nightly|Any CPU.ActiveCfg = Release|Any CPU
		{8A907DDB-4D1E-48FA-A24A-EACCAB582A34}.TFS Build - Nightly|Any CPU.Build.0 = Release|Any CPU
		{3B03564C-FDD0-4C0D-A31D-41FC71BB3818}.Debug|Any CPU.ActiveCfg = Debug|Any CPU
		{3B03564C-FDD0-4C0D-A31D-41FC71BB3818}.Debug|Any CPU.Build.0 = Debug|Any CPU
		{3B03564C-FDD0-4C0D-A31D-41FC71BB3818}.Release|Any CPU.ActiveCfg = Release|Any CPU
		{3B03564C-FDD0-4C0D-A31D-41FC71BB3818}.Release|Any CPU.Build.0 = Release|Any CPU
		{3B03564C-FDD0-4C0D-A31D-41FC71BB3818}.TFS Build - Check-in|Any CPU.ActiveCfg = Release|Any CPU
		{3B03564C-FDD0-4C0D-A31D-41FC71BB3818}.TFS Build - Check-in|Any CPU.Build.0 = Release|Any CPU
		{3B03564C-FDD0-4C0D-A31D-41FC71BB3818}.TFS Build - Nightly|Any CPU.ActiveCfg = Release|Any CPU
		{3B03564C-FDD0-4C0D-A31D-41FC71BB3818}.TFS Build - Nightly|Any CPU.Build.0 = Release|Any CPU
		{A40863F1-1875-4280-946A-872B2409CDDF}.Debug|Any CPU.ActiveCfg = Debug|Any CPU
		{A40863F1-1875-4280-946A-872B2409CDDF}.Debug|Any CPU.Build.0 = Debug|Any CPU
		{A40863F1-1875-4280-946A-872B2409CDDF}.Release|Any CPU.ActiveCfg = Release|Any CPU
		{A40863F1-1875-4280-946A-872B2409CDDF}.Release|Any CPU.Build.0 = Release|Any CPU
		{A40863F1-1875-4280-946A-872B2409CDDF}.TFS Build - Check-in|Any CPU.ActiveCfg = Release|Any CPU
		{A40863F1-1875-4280-946A-872B2409CDDF}.TFS Build - Check-in|Any CPU.Build.0 = Release|Any CPU
		{A40863F1-1875-4280-946A-872B2409CDDF}.TFS Build - Nightly|Any CPU.ActiveCfg = Release|Any CPU
		{A40863F1-1875-4280-946A-872B2409CDDF}.TFS Build - Nightly|Any CPU.Build.0 = Release|Any CPU
		{F415F171-551F-43D5-B9B0-8C2880C592AE}.Debug|Any CPU.ActiveCfg = Debug|Any CPU
		{F415F171-551F-43D5-B9B0-8C2880C592AE}.Debug|Any CPU.Build.0 = Debug|Any CPU
		{F415F171-551F-43D5-B9B0-8C2880C592AE}.Release|Any CPU.ActiveCfg = Release|Any CPU
		{F415F171-551F-43D5-B9B0-8C2880C592AE}.Release|Any CPU.Build.0 = Release|Any CPU
		{F415F171-551F-43D5-B9B0-8C2880C592AE}.TFS Build - Check-in|Any CPU.ActiveCfg = Release|Any CPU
		{F415F171-551F-43D5-B9B0-8C2880C592AE}.TFS Build - Check-in|Any CPU.Build.0 = Release|Any CPU
		{F415F171-551F-43D5-B9B0-8C2880C592AE}.TFS Build - Nightly|Any CPU.ActiveCfg = Release|Any CPU
		{F415F171-551F-43D5-B9B0-8C2880C592AE}.TFS Build - Nightly|Any CPU.Build.0 = Release|Any CPU
		{8685EF89-3682-46EC-BE93-04428FCC236A}.Debug|Any CPU.ActiveCfg = Debug|Any CPU
		{8685EF89-3682-46EC-BE93-04428FCC236A}.Debug|Any CPU.Build.0 = Debug|Any CPU
		{8685EF89-3682-46EC-BE93-04428FCC236A}.Release|Any CPU.ActiveCfg = Release|Any CPU
		{8685EF89-3682-46EC-BE93-04428FCC236A}.Release|Any CPU.Build.0 = Release|Any CPU
		{8685EF89-3682-46EC-BE93-04428FCC236A}.TFS Build - Check-in|Any CPU.ActiveCfg = Release|Any CPU
		{8685EF89-3682-46EC-BE93-04428FCC236A}.TFS Build - Check-in|Any CPU.Build.0 = Release|Any CPU
		{8685EF89-3682-46EC-BE93-04428FCC236A}.TFS Build - Nightly|Any CPU.ActiveCfg = Release|Any CPU
		{8685EF89-3682-46EC-BE93-04428FCC236A}.TFS Build - Nightly|Any CPU.Build.0 = Release|Any CPU
		{59456A4D-ACEE-4E6B-84E0-7863E65C497A}.Debug|Any CPU.ActiveCfg = Debug|Any CPU
		{59456A4D-ACEE-4E6B-84E0-7863E65C497A}.Debug|Any CPU.Build.0 = Debug|Any CPU
		{59456A4D-ACEE-4E6B-84E0-7863E65C497A}.Release|Any CPU.ActiveCfg = Release|Any CPU
		{59456A4D-ACEE-4E6B-84E0-7863E65C497A}.Release|Any CPU.Build.0 = Release|Any CPU
		{59456A4D-ACEE-4E6B-84E0-7863E65C497A}.TFS Build - Check-in|Any CPU.ActiveCfg = Release|Any CPU
		{59456A4D-ACEE-4E6B-84E0-7863E65C497A}.TFS Build - Check-in|Any CPU.Build.0 = Release|Any CPU
		{59456A4D-ACEE-4E6B-84E0-7863E65C497A}.TFS Build - Nightly|Any CPU.ActiveCfg = Release|Any CPU
		{59456A4D-ACEE-4E6B-84E0-7863E65C497A}.TFS Build - Nightly|Any CPU.Build.0 = Release|Any CPU
	EndGlobalSection
	GlobalSection(SolutionProperties) = preSolution
		HideSolutionNode = FALSE
	EndGlobalSection
EndGlobal
