
Microsoft Visual Studio Solution File, Format Version 10.00
# Visual Studio 2008
Project("{FAE04EC0-301F-11D3-BF4B-00C04F79EFBC}") = "MohawkCollege.EHR.gpmr.Pipeline.Compiler", "..\MohawkCollege.EHR.gpmr.Pipeline.Compiler\MohawkCollege.EHR.gpmr.Pipeline.Compiler.csproj", "{62C136F4-941F-40C3-840A-9C9F2084385F}"
EndProject
Project("{FAE04EC0-301F-11D3-BF4B-00C04F79EFBC}") = "MohawkCollege.EHR.gpmr.Pipeline", "..\MohawkCollege.EHR.gpmr.Pipeline\MohawkCollege.EHR.gpmr.Pipeline.csproj", "{3EABF240-372F-4805-BFBF-133E65B8EC71}"
EndProject
Project("{FAE04EC0-301F-11D3-BF4B-00C04F79EFBC}") = "MohawkCollege.EHR.gpmr.Pipeline.Renderer.Deki", "..\MohawkCollege.EHR.gpmr.Pipeline.Renderer.Deki\MohawkCollege.EHR.gpmr.Pipeline.Renderer.Deki.csproj", "{34291C69-DFE2-4DC7-85C8-53562A2967B9}"
EndProject
Project("{FAE04EC0-301F-11D3-BF4B-00C04F79EFBC}") = "MohawkCollege.EHR.gpmr.Pipeline.Renderer.RimbaCS", "..\MohawkCollege.EHR.gpmr.Pipeline.Renderer.RimbaCS\MohawkCollege.EHR.gpmr.Pipeline.Renderer.RimbaCS.csproj", "{00D56FC7-864D-4209-A7EB-2697E9C2557A}"
EndProject
Project("{FAE04EC0-301F-11D3-BF4B-00C04F79EFBC}") = "gpmr", "gpmr.csproj", "{474F5244-97D6-42B1-8664-122876EB56BF}"
EndProject
Project("{FAE04EC0-301F-11D3-BF4B-00C04F79EFBC}") = "MohawkCollege.EHR.HL7v3.MIF.MIF10", "..\..\..\share\MohawkCollege.EHR.HL7v3.MIF\MohawkCollege.EHR.HL7v3.MIF.MIF10.csproj", "{5444BFD7-0989-4912-86B8-21D972237335}"
EndProject
Project("{FAE04EC0-301F-11D3-BF4B-00C04F79EFBC}") = "MohawkCollege.Util.Console.Parameters", "..\..\..\share\MohawkCollege.Util.Console.Parameters\MohawkCollege.Util.Console.Parameters.csproj", "{40A8A100-FD15-46EE-B792-50726A9982DC}"
EndProject
Project("{FAE04EC0-301F-11D3-BF4B-00C04F79EFBC}") = "MohawkCollege.Util.Console.Writer", "..\..\..\share\MohawkCollege.Util.Console.Writer\MohawkCollege.Util.Console.Writer.csproj", "{320E36D4-224E-4C8B-B04B-24E932E5F3D9}"
EndProject
Project("{FAE04EC0-301F-11D3-BF4B-00C04F79EFBC}") = "MohawkCollege.EHR.HL7v3.MIF.MIF20", "..\..\..\share\MohawkCollege.EHR.HL7v3.MIF.MIF20\MohawkCollege.EHR.HL7v3.MIF.MIF20.csproj", "{010ED4F3-6714-4B52-8561-85F31889B5F8}"
EndProject
Project("{FAE04EC0-301F-11D3-BF4B-00C04F79EFBC}") = "MohawkCollege.EHR.gpmr.COR", "..\MohawkCollege.EHR.gpmr.COR\MohawkCollege.EHR.gpmr.COR.csproj", "{6C99D22F-AD3D-4532-9441-C0E616C87261}"
EndProject
Project("{FAE04EC0-301F-11D3-BF4B-00C04F79EFBC}") = "MARC.Everest", "..\..\..\api\MARC.Everest\MARC.Everest.csproj", "{283B7891-BF96-4C00-BF6D-955EE68BBFBB}"
EndProject
Global
	GlobalSection(TeamFoundationVersionControl) = preSolution
		SccNumberOfProjects = 11
		SccEnterpriseProvider = {4CA58AB2-18FA-4F8D-95D4-32DDF27D184C}
		SccTeamFoundationServer = http://tfs01.marc-hi.ca:8080/
		SccLocalPath0 = .
		SccProjectUniqueName1 = ..\\..\\..\\share\\MohawkCollege.EHR.HL7v3.MIF.MIF20\\MohawkCollege.EHR.HL7v3.MIF.MIF20.csproj
		SccProjectName1 = MohawkCollege.EHR.HL7v3.MIF.MIF20
		SccLocalPath1 = ..\\..\\..\\share\\MohawkCollege.EHR.HL7v3.MIF.MIF20
		SccProjectUniqueName2 = ..\\..\\..\\share\\MohawkCollege.EHR.HL7v3.MIF\\MohawkCollege.EHR.HL7v3.MIF.MIF10.csproj
		SccProjectName2 = MohawkCollege.EHR.HL7v3.MIF
		SccLocalPath2 = ..\\..\\..\\share\\MohawkCollege.EHR.HL7v3.MIF
		SccProjectUniqueName3 = ..\\..\\..\\share\\MohawkCollege.Util.Console.Parameters\\MohawkCollege.Util.Console.Parameters.csproj
		SccProjectName3 = MohawkCollege.Util.Console.Parameters
		SccLocalPath3 = ..\\..\\..\\share\\MohawkCollege.Util.Console.Parameters
		SccProjectUniqueName4 = ..\\..\\..\\share\\MohawkCollege.Util.Console.Writer\\MohawkCollege.Util.Console.Writer.csproj
		SccProjectName4 = MohawkCollege.Util.Console.Writer
		SccLocalPath4 = ..\\..\\..\\share\\MohawkCollege.Util.Console.Writer
		SccProjectUniqueName5 = gpmr.csproj
		SccLocalPath5 = .
		SccProjectUniqueName6 = ..\\MohawkCollege.EHR.gpmr.COR\\MohawkCollege.EHR.gpmr.COR.csproj
		SccProjectName6 = MohawkCollege.EHR.gpmr.COR
		SccLocalPath6 = ..\\MohawkCollege.EHR.gpmr.COR
		SccProjectUniqueName7 = ..\\MohawkCollege.EHR.gpmr.Pipeline.Compiler\\MohawkCollege.EHR.gpmr.Pipeline.Compiler.csproj
		SccProjectName7 = MohawkCollege.EHR.gpmr.Pipeline.Compiler
		SccLocalPath7 = ..\\MohawkCollege.EHR.gpmr.Pipeline.Compiler
		SccProjectUniqueName8 = ..\\MohawkCollege.EHR.gpmr.Pipeline.Renderer.Deki\\MohawkCollege.EHR.gpmr.Pipeline.Renderer.Deki.csproj
		SccProjectName8 = MohawkCollege.EHR.gpmr.Pipeline.Renderer.Deki
		SccLocalPath8 = ..\\MohawkCollege.EHR.gpmr.Pipeline.Renderer.Deki
		SccProjectUniqueName9 = ..\\MohawkCollege.EHR.gpmr.Pipeline.Renderer.RimbaCS\\MohawkCollege.EHR.gpmr.Pipeline.Renderer.RimbaCS.csproj
		SccProjectName9 = MohawkCollege.EHR.gpmr.Pipeline.Renderer.RimbaCS
		SccLocalPath9 = ..\\MohawkCollege.EHR.gpmr.Pipeline.Renderer.RimbaCS
		SccProjectUniqueName10 = ..\\MohawkCollege.EHR.gpmr.Pipeline\\MohawkCollege.EHR.gpmr.Pipeline.csproj
		SccProjectName10 = MohawkCollege.EHR.gpmr.Pipeline
		SccLocalPath10 = ..\\MohawkCollege.EHR.gpmr.Pipeline
	EndGlobalSection
	GlobalSection(SolutionConfigurationPlatforms) = preSolution
		Debug|Any CPU = Debug|Any CPU
		Release|Any CPU = Release|Any CPU
	EndGlobalSection
	GlobalSection(ProjectConfigurationPlatforms) = postSolution
		{62C136F4-941F-40C3-840A-9C9F2084385F}.Debug|Any CPU.ActiveCfg = Debug|Any CPU
		{62C136F4-941F-40C3-840A-9C9F2084385F}.Debug|Any CPU.Build.0 = Debug|Any CPU
		{62C136F4-941F-40C3-840A-9C9F2084385F}.Release|Any CPU.ActiveCfg = Release|Any CPU
		{62C136F4-941F-40C3-840A-9C9F2084385F}.Release|Any CPU.Build.0 = Release|Any CPU
		{3EABF240-372F-4805-BFBF-133E65B8EC71}.Debug|Any CPU.ActiveCfg = Debug|Any CPU
		{3EABF240-372F-4805-BFBF-133E65B8EC71}.Debug|Any CPU.Build.0 = Debug|Any CPU
		{3EABF240-372F-4805-BFBF-133E65B8EC71}.Release|Any CPU.ActiveCfg = Release|Any CPU
		{3EABF240-372F-4805-BFBF-133E65B8EC71}.Release|Any CPU.Build.0 = Release|Any CPU
		{34291C69-DFE2-4DC7-85C8-53562A2967B9}.Debug|Any CPU.ActiveCfg = Debug|Any CPU
		{34291C69-DFE2-4DC7-85C8-53562A2967B9}.Debug|Any CPU.Build.0 = Debug|Any CPU
		{34291C69-DFE2-4DC7-85C8-53562A2967B9}.Release|Any CPU.ActiveCfg = Release|Any CPU
		{34291C69-DFE2-4DC7-85C8-53562A2967B9}.Release|Any CPU.Build.0 = Release|Any CPU
		{00D56FC7-864D-4209-A7EB-2697E9C2557A}.Debug|Any CPU.ActiveCfg = Debug|Any CPU
		{00D56FC7-864D-4209-A7EB-2697E9C2557A}.Debug|Any CPU.Build.0 = Debug|Any CPU
		{00D56FC7-864D-4209-A7EB-2697E9C2557A}.Release|Any CPU.ActiveCfg = Release|Any CPU
		{00D56FC7-864D-4209-A7EB-2697E9C2557A}.Release|Any CPU.Build.0 = Release|Any CPU
		{474F5244-97D6-42B1-8664-122876EB56BF}.Debug|Any CPU.ActiveCfg = Debug|Any CPU
		{474F5244-97D6-42B1-8664-122876EB56BF}.Debug|Any CPU.Build.0 = Debug|Any CPU
		{474F5244-97D6-42B1-8664-122876EB56BF}.Release|Any CPU.ActiveCfg = Release|Any CPU
		{474F5244-97D6-42B1-8664-122876EB56BF}.Release|Any CPU.Build.0 = Release|Any CPU
		{5444BFD7-0989-4912-86B8-21D972237335}.Debug|Any CPU.ActiveCfg = Debug|Any CPU
		{5444BFD7-0989-4912-86B8-21D972237335}.Debug|Any CPU.Build.0 = Debug|Any CPU
		{5444BFD7-0989-4912-86B8-21D972237335}.Release|Any CPU.ActiveCfg = Release|Any CPU
		{5444BFD7-0989-4912-86B8-21D972237335}.Release|Any CPU.Build.0 = Release|Any CPU
		{40A8A100-FD15-46EE-B792-50726A9982DC}.Debug|Any CPU.ActiveCfg = Debug|Any CPU
		{40A8A100-FD15-46EE-B792-50726A9982DC}.Debug|Any CPU.Build.0 = Debug|Any CPU
		{40A8A100-FD15-46EE-B792-50726A9982DC}.Release|Any CPU.ActiveCfg = Release|Any CPU
		{40A8A100-FD15-46EE-B792-50726A9982DC}.Release|Any CPU.Build.0 = Release|Any CPU
		{320E36D4-224E-4C8B-B04B-24E932E5F3D9}.Debug|Any CPU.ActiveCfg = Debug|Any CPU
		{320E36D4-224E-4C8B-B04B-24E932E5F3D9}.Debug|Any CPU.Build.0 = Debug|Any CPU
		{320E36D4-224E-4C8B-B04B-24E932E5F3D9}.Release|Any CPU.ActiveCfg = Release|Any CPU
		{320E36D4-224E-4C8B-B04B-24E932E5F3D9}.Release|Any CPU.Build.0 = Release|Any CPU
		{010ED4F3-6714-4B52-8561-85F31889B5F8}.Debug|Any CPU.ActiveCfg = Debug|Any CPU
		{010ED4F3-6714-4B52-8561-85F31889B5F8}.Debug|Any CPU.Build.0 = Debug|Any CPU
		{010ED4F3-6714-4B52-8561-85F31889B5F8}.Release|Any CPU.ActiveCfg = Release|Any CPU
		{010ED4F3-6714-4B52-8561-85F31889B5F8}.Release|Any CPU.Build.0 = Release|Any CPU
		{6C99D22F-AD3D-4532-9441-C0E616C87261}.Debug|Any CPU.ActiveCfg = Debug|Any CPU
		{6C99D22F-AD3D-4532-9441-C0E616C87261}.Debug|Any CPU.Build.0 = Debug|Any CPU
		{6C99D22F-AD3D-4532-9441-C0E616C87261}.Release|Any CPU.ActiveCfg = Release|Any CPU
		{6C99D22F-AD3D-4532-9441-C0E616C87261}.Release|Any CPU.Build.0 = Release|Any CPU
		{283B7891-BF96-4C00-BF6D-955EE68BBFBB}.Debug|Any CPU.ActiveCfg = Debug|Any CPU
		{283B7891-BF96-4C00-BF6D-955EE68BBFBB}.Debug|Any CPU.Build.0 = Debug|Any CPU
		{283B7891-BF96-4C00-BF6D-955EE68BBFBB}.Release|Any CPU.ActiveCfg = Release|Any CPU
		{283B7891-BF96-4C00-BF6D-955EE68BBFBB}.Release|Any CPU.Build.0 = Release|Any CPU
	EndGlobalSection
	GlobalSection(SolutionProperties) = preSolution
		HideSolutionNode = FALSE
	EndGlobalSection
EndGlobal
