
Microsoft Visual Studio Solution File, Format Version 11.00
# Visual Studio 2010
Project("{FAE04EC0-301F-11D3-BF4B-00C04F79EFBC}") = "MARC.Everest.Sherpas", "MARC.Everest.Sherpas\MARC.Everest.Sherpas.csproj", "{FC75C77E-4596-4603-8BEB-DFC428C24BAB}"
EndProject
Project("{FAE04EC0-301F-11D3-BF4B-00C04F79EFBC}") = "sherptc", "sherptc\sherptc.csproj", "{C9C39D18-5D34-4DF3-902E-F266B1636305}"
EndProject
Project("{FAE04EC0-301F-11D3-BF4B-00C04F79EFBC}") = "MARC.Everest.Sherpas.Templating", "MARC.Everest.Sherpas.Templating\MARC.Everest.Sherpas.Templating.csproj", "{A5CFFCCC-8EFB-44BA-9603-18C9AAC631F0}"
EndProject
Project("{FAE04EC0-301F-11D3-BF4B-00C04F79EFBC}") = "MARC.Everest.Sherpas.Test", "MARC.Everest.Sherpas.Test\MARC.Everest.Sherpas.Test.csproj", "{FA47C063-3E6D-4EA0-AD8A-107680243CD8}"
EndProject
Global
	GlobalSection(SolutionConfigurationPlatforms) = preSolution
		Debug|Any CPU = Debug|Any CPU
		Debug|Mixed Platforms = Debug|Mixed Platforms
		Debug|x86 = Debug|x86
		Release|Any CPU = Release|Any CPU
		Release|Mixed Platforms = Release|Mixed Platforms
		Release|x86 = Release|x86
	EndGlobalSection
	GlobalSection(ProjectConfigurationPlatforms) = postSolution
		{FC75C77E-4596-4603-8BEB-DFC428C24BAB}.Debug|Any CPU.ActiveCfg = Debug|Any CPU
		{FC75C77E-4596-4603-8BEB-DFC428C24BAB}.Debug|Any CPU.Build.0 = Debug|Any CPU
		{FC75C77E-4596-4603-8BEB-DFC428C24BAB}.Debug|Mixed Platforms.ActiveCfg = Debug|Any CPU
		{FC75C77E-4596-4603-8BEB-DFC428C24BAB}.Debug|Mixed Platforms.Build.0 = Debug|Any CPU
		{FC75C77E-4596-4603-8BEB-DFC428C24BAB}.Debug|x86.ActiveCfg = Debug|Any CPU
		{FC75C77E-4596-4603-8BEB-DFC428C24BAB}.Release|Any CPU.ActiveCfg = Release|Any CPU
		{FC75C77E-4596-4603-8BEB-DFC428C24BAB}.Release|Any CPU.Build.0 = Release|Any CPU
		{FC75C77E-4596-4603-8BEB-DFC428C24BAB}.Release|Mixed Platforms.ActiveCfg = Release|Any CPU
		{FC75C77E-4596-4603-8BEB-DFC428C24BAB}.Release|Mixed Platforms.Build.0 = Release|Any CPU
		{FC75C77E-4596-4603-8BEB-DFC428C24BAB}.Release|x86.ActiveCfg = Release|Any CPU
		{C9C39D18-5D34-4DF3-902E-F266B1636305}.Debug|Any CPU.ActiveCfg = Debug|x86
		{C9C39D18-5D34-4DF3-902E-F266B1636305}.Debug|Mixed Platforms.ActiveCfg = Debug|x86
		{C9C39D18-5D34-4DF3-902E-F266B1636305}.Debug|Mixed Platforms.Build.0 = Debug|x86
		{C9C39D18-5D34-4DF3-902E-F266B1636305}.Debug|x86.ActiveCfg = Debug|x86
		{C9C39D18-5D34-4DF3-902E-F266B1636305}.Debug|x86.Build.0 = Debug|x86
		{C9C39D18-5D34-4DF3-902E-F266B1636305}.Release|Any CPU.ActiveCfg = Release|x86
		{C9C39D18-5D34-4DF3-902E-F266B1636305}.Release|Mixed Platforms.ActiveCfg = Release|x86
		{C9C39D18-5D34-4DF3-902E-F266B1636305}.Release|Mixed Platforms.Build.0 = Release|x86
		{C9C39D18-5D34-4DF3-902E-F266B1636305}.Release|x86.ActiveCfg = Release|x86
		{C9C39D18-5D34-4DF3-902E-F266B1636305}.Release|x86.Build.0 = Release|x86
		{A5CFFCCC-8EFB-44BA-9603-18C9AAC631F0}.Debug|Any CPU.ActiveCfg = Debug|Any CPU
		{A5CFFCCC-8EFB-44BA-9603-18C9AAC631F0}.Debug|Any CPU.Build.0 = Debug|Any CPU
		{A5CFFCCC-8EFB-44BA-9603-18C9AAC631F0}.Debug|Mixed Platforms.ActiveCfg = Debug|Any CPU
		{A5CFFCCC-8EFB-44BA-9603-18C9AAC631F0}.Debug|Mixed Platforms.Build.0 = Debug|Any CPU
		{A5CFFCCC-8EFB-44BA-9603-18C9AAC631F0}.Debug|x86.ActiveCfg = Debug|Any CPU
		{A5CFFCCC-8EFB-44BA-9603-18C9AAC631F0}.Release|Any CPU.ActiveCfg = Release|Any CPU
		{A5CFFCCC-8EFB-44BA-9603-18C9AAC631F0}.Release|Any CPU.Build.0 = Release|Any CPU
		{A5CFFCCC-8EFB-44BA-9603-18C9AAC631F0}.Release|Mixed Platforms.ActiveCfg = Release|Any CPU
		{A5CFFCCC-8EFB-44BA-9603-18C9AAC631F0}.Release|Mixed Platforms.Build.0 = Release|Any CPU
		{A5CFFCCC-8EFB-44BA-9603-18C9AAC631F0}.Release|x86.ActiveCfg = Release|Any CPU
		{FA47C063-3E6D-4EA0-AD8A-107680243CD8}.Debug|Any CPU.ActiveCfg = Debug|Any CPU
		{FA47C063-3E6D-4EA0-AD8A-107680243CD8}.Debug|Any CPU.Build.0 = Debug|Any CPU
		{FA47C063-3E6D-4EA0-AD8A-107680243CD8}.Debug|Mixed Platforms.ActiveCfg = Debug|Any CPU
		{FA47C063-3E6D-4EA0-AD8A-107680243CD8}.Debug|Mixed Platforms.Build.0 = Debug|Any CPU
		{FA47C063-3E6D-4EA0-AD8A-107680243CD8}.Debug|x86.ActiveCfg = Debug|Any CPU
		{FA47C063-3E6D-4EA0-AD8A-107680243CD8}.Release|Any CPU.ActiveCfg = Release|Any CPU
		{FA47C063-3E6D-4EA0-AD8A-107680243CD8}.Release|Any CPU.Build.0 = Release|Any CPU
		{FA47C063-3E6D-4EA0-AD8A-107680243CD8}.Release|Mixed Platforms.ActiveCfg = Release|Any CPU
		{FA47C063-3E6D-4EA0-AD8A-107680243CD8}.Release|Mixed Platforms.Build.0 = Release|Any CPU
		{FA47C063-3E6D-4EA0-AD8A-107680243CD8}.Release|x86.ActiveCfg = Release|Any CPU
	EndGlobalSection
	GlobalSection(SolutionProperties) = preSolution
		HideSolutionNode = FALSE
	EndGlobalSection
EndGlobal
